// !$*UTF8*$!
{
	archiveVersion = 1;
	classes = {
	};
	objectVersion = 46;
	objects = {

/* Begin PBXBuildFile section */
		220890DC182858BC00AE4889 /* ViewControllerTarjetaNueva.m in Sources */ = {isa = PBXBuildFile; fileRef = 220890DA182858BC00AE4889 /* ViewControllerTarjetaNueva.m */; };
		220890DD182858BC00AE4889 /* ViewControllerTarjetaNueva.xib in Resources */ = {isa = PBXBuildFile; fileRef = 220890DB182858BC00AE4889 /* ViewControllerTarjetaNueva.xib */; };
		220B1B851815BAED0049B519 /* historyLogoSelected.png in Resources */ = {isa = PBXBuildFile; fileRef = 220B1B751815BAED0049B519 /* historyLogoSelected.png */; };
		220B1B871815BAED0049B519 /* historyLogoUnselected.png in Resources */ = {isa = PBXBuildFile; fileRef = 220B1B771815BAED0049B519 /* historyLogoUnselected.png */; };
		220B1B891815BAED0049B519 /* scanerLogoSelected.png in Resources */ = {isa = PBXBuildFile; fileRef = 220B1B791815BAED0049B519 /* scanerLogoSelected.png */; };
		220B1B8B1815BAED0049B519 /* scanerLogoUnselected.png in Resources */ = {isa = PBXBuildFile; fileRef = 220B1B7B1815BAED0049B519 /* scanerLogoUnselected.png */; };
		220B1B8D1815BAED0049B519 /* selectedTab.png in Resources */ = {isa = PBXBuildFile; fileRef = 220B1B7D1815BAED0049B519 /* selectedTab.png */; };
		220B1B8F1815BAED0049B519 /* tabhostbg.png in Resources */ = {isa = PBXBuildFile; fileRef = 220B1B7F1815BAED0049B519 /* tabhostbg.png */; };
		220B1B911815BAED0049B519 /* transferLogoSelected.png in Resources */ = {isa = PBXBuildFile; fileRef = 220B1B811815BAED0049B519 /* transferLogoSelected.png */; };
		220B1B931815BAED0049B519 /* transferLogoUnselected.png in Resources */ = {isa = PBXBuildFile; fileRef = 220B1B831815BAED0049B519 /* transferLogoUnselected.png */; };
		220B1B9D1815C28F0049B519 /* historyLogoSelected@2x.png in Resources */ = {isa = PBXBuildFile; fileRef = 220B1B951815C28F0049B519 /* historyLogoSelected@2x.png */; };
		220B1B9E1815C28F0049B519 /* historyLogoUnselected@2x.png in Resources */ = {isa = PBXBuildFile; fileRef = 220B1B961815C28F0049B519 /* historyLogoUnselected@2x.png */; };
		220B1B9F1815C28F0049B519 /* scanerLogoSelected@2x.png in Resources */ = {isa = PBXBuildFile; fileRef = 220B1B971815C28F0049B519 /* scanerLogoSelected@2x.png */; };
		220B1BA01815C28F0049B519 /* scanerLogoUnselected@2x.png in Resources */ = {isa = PBXBuildFile; fileRef = 220B1B981815C28F0049B519 /* scanerLogoUnselected@2x.png */; };
		220B1BA11815C28F0049B519 /* selectedTab@2x.png in Resources */ = {isa = PBXBuildFile; fileRef = 220B1B991815C28F0049B519 /* selectedTab@2x.png */; };
		220B1BA21815C28F0049B519 /* tabhostbg@2x.png in Resources */ = {isa = PBXBuildFile; fileRef = 220B1B9A1815C28F0049B519 /* tabhostbg@2x.png */; };
		220B1BA31815C28F0049B519 /* transferLogoSelected@2x.png in Resources */ = {isa = PBXBuildFile; fileRef = 220B1B9B1815C28F0049B519 /* transferLogoSelected@2x.png */; };
		220B1BA41815C28F0049B519 /* transferLogoUnselected@2x.png in Resources */ = {isa = PBXBuildFile; fileRef = 220B1B9C1815C28F0049B519 /* transferLogoUnselected@2x.png */; };
		220B1BA61816CE800049B519 /* gothicb.ttf in Resources */ = {isa = PBXBuildFile; fileRef = 220B1BA51816CE800049B519 /* gothicb.ttf */; };
		220B1BAC1816D4890049B519 /* TPKeyboardAvoidingScrollView.m in Sources */ = {isa = PBXBuildFile; fileRef = 220B1BA91816D4890049B519 /* TPKeyboardAvoidingScrollView.m */; };
		220B1BAD1816D4890049B519 /* TPKeyboardAvoidingTableView.m in Sources */ = {isa = PBXBuildFile; fileRef = 220B1BAB1816D4890049B519 /* TPKeyboardAvoidingTableView.m */; };
		221A36BD18231931009C5AC0 /* ViewControllerDeposito.m in Sources */ = {isa = PBXBuildFile; fileRef = 221A36BB18231931009C5AC0 /* ViewControllerDeposito.m */; };
		221A36BE18231931009C5AC0 /* ViewControllerDeposito.xib in Resources */ = {isa = PBXBuildFile; fileRef = 221A36BC18231931009C5AC0 /* ViewControllerDeposito.xib */; };
		221A36C218232265009C5AC0 /* ViewControllerCodigoOXXO.m in Sources */ = {isa = PBXBuildFile; fileRef = 221A36C018232265009C5AC0 /* ViewControllerCodigoOXXO.m */; };
		221A36C318232265009C5AC0 /* ViewControllerCodigoOXXO.xib in Resources */ = {isa = PBXBuildFile; fileRef = 221A36C118232265009C5AC0 /* ViewControllerCodigoOXXO.xib */; };
		22331210181060CB001FD603 /* zbar-back.png in Resources */ = {isa = PBXBuildFile; fileRef = 2233120B181060CB001FD603 /* zbar-back.png */; };
		22331211181060CB001FD603 /* zbar-help.html in Resources */ = {isa = PBXBuildFile; fileRef = 2233120C181060CB001FD603 /* zbar-help.html */; };
		22331212181060CB001FD603 /* zbar-helpicons.png in Resources */ = {isa = PBXBuildFile; fileRef = 2233120D181060CB001FD603 /* zbar-helpicons.png */; };
		22331213181060CB001FD603 /* zbar-samples.png in Resources */ = {isa = PBXBuildFile; fileRef = 2233120E181060CB001FD603 /* zbar-samples.png */; };
		2233121518106147001FD603 /* AVFoundation.framework in Frameworks */ = {isa = PBXBuildFile; fileRef = 2233121418106147001FD603 /* AVFoundation.framework */; };
		2233121718106158001FD603 /* CoreMedia.framework in Frameworks */ = {isa = PBXBuildFile; fileRef = 2233121618106158001FD603 /* CoreMedia.framework */; };
		2233121918106162001FD603 /* CoreAudio.framework in Frameworks */ = {isa = PBXBuildFile; fileRef = 2233121818106162001FD603 /* CoreAudio.framework */; };
		2233121B1810616E001FD603 /* CoreVideo.framework in Frameworks */ = {isa = PBXBuildFile; fileRef = 2233121A1810616E001FD603 /* CoreVideo.framework */; };
		2233121D18106177001FD603 /* QuartzCore.framework in Frameworks */ = {isa = PBXBuildFile; fileRef = 2233121C18106177001FD603 /* QuartzCore.framework */; };
		2233121F18106191001FD603 /* libiconv.dylib in Frameworks */ = {isa = PBXBuildFile; fileRef = 2233121E18106191001FD603 /* libiconv.dylib */; };
		2233E17A1830156A0046C751 /* transparente.png in Resources */ = {isa = PBXBuildFile; fileRef = 2233E1791830156A0046C751 /* transparente.png */; };
		2233E1951830403F0046C751 /* ASIAuthenticationDialog.m in Sources */ = {isa = PBXBuildFile; fileRef = 2233E1821830403F0046C751 /* ASIAuthenticationDialog.m */; settings = {COMPILER_FLAGS = "-fno-objc-arc"; }; };
		2233E1961830403F0046C751 /* ASIDataCompressor.m in Sources */ = {isa = PBXBuildFile; fileRef = 2233E1851830403F0046C751 /* ASIDataCompressor.m */; settings = {COMPILER_FLAGS = "-fno-objc-arc"; }; };
		2233E1971830403F0046C751 /* ASIDataDecompressor.m in Sources */ = {isa = PBXBuildFile; fileRef = 2233E1871830403F0046C751 /* ASIDataDecompressor.m */; settings = {COMPILER_FLAGS = "-fno-objc-arc"; }; };
		2233E1981830403F0046C751 /* ASIDownloadCache.m in Sources */ = {isa = PBXBuildFile; fileRef = 2233E1891830403F0046C751 /* ASIDownloadCache.m */; settings = {COMPILER_FLAGS = "-fno-objc-arc"; }; };
		2233E1991830403F0046C751 /* ASIFormDataRequest.m in Sources */ = {isa = PBXBuildFile; fileRef = 2233E18B1830403F0046C751 /* ASIFormDataRequest.m */; settings = {COMPILER_FLAGS = "-fno-objc-arc"; }; };
		2233E19A1830403F0046C751 /* ASIHTTPRequest.m in Sources */ = {isa = PBXBuildFile; fileRef = 2233E18D1830403F0046C751 /* ASIHTTPRequest.m */; settings = {COMPILER_FLAGS = "-fno-objc-arc"; }; };
		2233E19B1830403F0046C751 /* ASIInputStream.m in Sources */ = {isa = PBXBuildFile; fileRef = 2233E1911830403F0046C751 /* ASIInputStream.m */; settings = {COMPILER_FLAGS = "-fno-objc-arc"; }; };
		2233E19C1830403F0046C751 /* ASINetworkQueue.m in Sources */ = {isa = PBXBuildFile; fileRef = 2233E1931830403F0046C751 /* ASINetworkQueue.m */; settings = {COMPILER_FLAGS = "-fno-objc-arc"; }; };
		2233E1A0183040460046C751 /* Reachability.m in Sources */ = {isa = PBXBuildFile; fileRef = 2233E19F183040460046C751 /* Reachability.m */; settings = {COMPILER_FLAGS = "-fno-objc-arc"; }; };
		2233E1A2183040690046C751 /* CFNetwork.framework in Frameworks */ = {isa = PBXBuildFile; fileRef = 2233E1A1183040690046C751 /* CFNetwork.framework */; };
		2233E1A4183040870046C751 /* SystemConfiguration.framework in Frameworks */ = {isa = PBXBuildFile; fileRef = 2233E1A3183040870046C751 /* SystemConfiguration.framework */; };
		2233E1A6183040910046C751 /* MobileCoreServices.framework in Frameworks */ = {isa = PBXBuildFile; fileRef = 2233E1A5183040910046C751 /* MobileCoreServices.framework */; };
		2233E1A8183040C70046C751 /* libz.dylib in Frameworks */ = {isa = PBXBuildFile; fileRef = 2233E1A7183040C70046C751 /* libz.dylib */; };
		229150CB1809F2BE00D0A715 /* ViewControllerMain.m in Sources */ = {isa = PBXBuildFile; fileRef = 229150C91809F2BE00D0A715 /* ViewControllerMain.m */; settings = {COMPILER_FLAGS = "-fno-objc-arc"; }; };
		229150D01809F63300D0A715 /* ViewControllerConsultar.m in Sources */ = {isa = PBXBuildFile; fileRef = 229150CE1809F63300D0A715 /* ViewControllerConsultar.m */; };
		229150D11809F63300D0A715 /* ViewControllerConsultar.xib in Resources */ = {isa = PBXBuildFile; fileRef = 229150CF1809F63300D0A715 /* ViewControllerConsultar.xib */; };
		229150E81809F8B200D0A715 /* benviar.png in Resources */ = {isa = PBXBuildFile; fileRef = 229150D31809F8B200D0A715 /* benviar.png */; };
		229150E91809F8B200D0A715 /* blanco.png in Resources */ = {isa = PBXBuildFile; fileRef = 229150D41809F8B200D0A715 /* blanco.png */; };
		229150EA1809F8B200D0A715 /* ccbg.png in Resources */ = {isa = PBXBuildFile; fileRef = 229150D51809F8B200D0A715 /* ccbg.png */; };
		229150EB1809F8B200D0A715 /* comp.png in Resources */ = {isa = PBXBuildFile; fileRef = 229150D61809F8B200D0A715 /* comp.png */; };
		229150EC1809F8B200D0A715 /* comp2.png in Resources */ = {isa = PBXBuildFile; fileRef = 229150D71809F8B200D0A715 /* comp2.png */; };
		229150ED1809F8B200D0A715 /* compm.png in Resources */ = {isa = PBXBuildFile; fileRef = 229150D81809F8B200D0A715 /* compm.png */; };
		229150EE1809F8B200D0A715 /* fondocam.png in Resources */ = {isa = PBXBuildFile; fileRef = 229150D91809F8B200D0A715 /* fondocam.png */; };
		229150EF1809F8B200D0A715 /* home.png in Resources */ = {isa = PBXBuildFile; fileRef = 229150DA1809F8B200D0A715 /* home.png */; };
		229150F01809F8B200D0A715 /* ku.png in Resources */ = {isa = PBXBuildFile; fileRef = 229150DB1809F8B200D0A715 /* ku.png */; };
		229150F11809F8B200D0A715 /* ku72.png in Resources */ = {isa = PBXBuildFile; fileRef = 229150DC1809F8B200D0A715 /* ku72.png */; };
		229150F21809F8B200D0A715 /* kucolor.png in Resources */ = {isa = PBXBuildFile; fileRef = 229150DD1809F8B200D0A715 /* kucolor.png */; };
		229150F31809F8B200D0A715 /* mdm.png in Resources */ = {isa = PBXBuildFile; fileRef = 229150DE1809F8B200D0A715 /* mdm.png */; };
		229150F41809F8B200D0A715 /* opciones.png in Resources */ = {isa = PBXBuildFile; fileRef = 229150DF1809F8B200D0A715 /* opciones.png */; };
		229150F51809F8B200D0A715 /* pin.png in Resources */ = {isa = PBXBuildFile; fileRef = 229150E01809F8B200D0A715 /* pin.png */; };
		229150F61809F8B200D0A715 /* refresh.png in Resources */ = {isa = PBXBuildFile; fileRef = 229150E11809F8B200D0A715 /* refresh.png */; };
		229150F71809F8B200D0A715 /* tran.png in Resources */ = {isa = PBXBuildFile; fileRef = 229150E21809F8B200D0A715 /* tran.png */; };
		229150F81809F8B200D0A715 /* tran2.png in Resources */ = {isa = PBXBuildFile; fileRef = 229150E31809F8B200D0A715 /* tran2.png */; };
		229150F91809F8B200D0A715 /* tranm.png in Resources */ = {isa = PBXBuildFile; fileRef = 229150E41809F8B200D0A715 /* tranm.png */; };
		229150FA1809F8B200D0A715 /* venm.png in Resources */ = {isa = PBXBuildFile; fileRef = 229150E51809F8B200D0A715 /* venm.png */; };
		229150FB1809F8B200D0A715 /* vent.png in Resources */ = {isa = PBXBuildFile; fileRef = 229150E61809F8B200D0A715 /* vent.png */; };
		229150FC1809F8B200D0A715 /* vent2.png in Resources */ = {isa = PBXBuildFile; fileRef = 229150E71809F8B200D0A715 /* vent2.png */; };
		2295FECC18077D9D002FF865 /* Foundation.framework in Frameworks */ = {isa = PBXBuildFile; fileRef = 2295FECB18077D9D002FF865 /* Foundation.framework */; };
		2295FECE18077D9D002FF865 /* CoreGraphics.framework in Frameworks */ = {isa = PBXBuildFile; fileRef = 2295FECD18077D9D002FF865 /* CoreGraphics.framework */; };
		2295FED018077D9D002FF865 /* UIKit.framework in Frameworks */ = {isa = PBXBuildFile; fileRef = 2295FECF18077D9D002FF865 /* UIKit.framework */; };
		2295FED618077D9E002FF865 /* InfoPlist.strings in Resources */ = {isa = PBXBuildFile; fileRef = 2295FED418077D9E002FF865 /* InfoPlist.strings */; };
		2295FED818077D9E002FF865 /* main.m in Sources */ = {isa = PBXBuildFile; fileRef = 2295FED718077D9E002FF865 /* main.m */; };
		2295FEDC18077D9E002FF865 /* AppDelegate.m in Sources */ = {isa = PBXBuildFile; fileRef = 2295FEDB18077D9E002FF865 /* AppDelegate.m */; };
		2295FEDE18077D9E002FF865 /* Images.xcassets in Resources */ = {isa = PBXBuildFile; fileRef = 2295FEDD18077D9E002FF865 /* Images.xcassets */; };
		2295FEE518077D9E002FF865 /* XCTest.framework in Frameworks */ = {isa = PBXBuildFile; fileRef = 2295FEE418077D9E002FF865 /* XCTest.framework */; };
		2295FEE618077D9E002FF865 /* Foundation.framework in Frameworks */ = {isa = PBXBuildFile; fileRef = 2295FECB18077D9D002FF865 /* Foundation.framework */; };
		2295FEE718077D9E002FF865 /* UIKit.framework in Frameworks */ = {isa = PBXBuildFile; fileRef = 2295FECF18077D9D002FF865 /* UIKit.framework */; };
		2295FEEF18077D9E002FF865 /* InfoPlist.strings in Resources */ = {isa = PBXBuildFile; fileRef = 2295FEED18077D9E002FF865 /* InfoPlist.strings */; };
		2295FEF118077D9E002FF865 /* kupayTests.m in Sources */ = {isa = PBXBuildFile; fileRef = 2295FEF018077D9E002FF865 /* kupayTests.m */; };
		2295FEFD18077E09002FF865 /* ViewControllerTransferir.m in Sources */ = {isa = PBXBuildFile; fileRef = 2295FEFB18077E09002FF865 /* ViewControllerTransferir.m */; };
		2295FEFE18077E09002FF865 /* ViewControllerTransferir.xib in Resources */ = {isa = PBXBuildFile; fileRef = 2295FEFC18077E09002FF865 /* ViewControllerTransferir.xib */; };
		2295FF0218077E41002FF865 /* ViewControllerEscanear.m in Sources */ = {isa = PBXBuildFile; fileRef = 2295FF0018077E41002FF865 /* ViewControllerEscanear.m */; };
		2295FF0318077E41002FF865 /* ViewControllerEscanear.xib in Resources */ = {isa = PBXBuildFile; fileRef = 2295FF0118077E41002FF865 /* ViewControllerEscanear.xib */; };
		22DD5E73181EB20A004803D3 /* ZUUIRevealController.m in Sources */ = {isa = PBXBuildFile; fileRef = 22DD5E72181EB20A004803D3 /* ZUUIRevealController.m */; };
		22DD5E76181EB282004803D3 /* RevealController.m in Sources */ = {isa = PBXBuildFile; fileRef = 22DD5E75181EB282004803D3 /* RevealController.m */; };
		22DD5E79181EB480004803D3 /* RearViewController.m in Sources */ = {isa = PBXBuildFile; fileRef = 22DD5E78181EB480004803D3 /* RearViewController.m */; };
		22DD5E7B181EB982004803D3 /* RearViewController.xib in Resources */ = {isa = PBXBuildFile; fileRef = 22DD5E7A181EB982004803D3 /* RearViewController.xib */; };
		22DD5E84181EC924004803D3 /* ViewControllerRetiro.m in Sources */ = {isa = PBXBuildFile; fileRef = 22DD5E82181EC924004803D3 /* ViewControllerRetiro.m */; };
		22DD5E85181EC924004803D3 /* ViewControllerRetiro.xib in Resources */ = {isa = PBXBuildFile; fileRef = 22DD5E83181EC924004803D3 /* ViewControllerRetiro.xib */; };
		22DD5E89181EC956004803D3 /* ViewControllerLLaveKu.m in Sources */ = {isa = PBXBuildFile; fileRef = 22DD5E87181EC956004803D3 /* ViewControllerLLaveKu.m */; };
		22DD5E8A181EC956004803D3 /* ViewControllerLLaveKu.xib in Resources */ = {isa = PBXBuildFile; fileRef = 22DD5E88181EC956004803D3 /* ViewControllerLLaveKu.xib */; };
		22DD5E8E181EC96E004803D3 /* ViewControllerPerfil.m in Sources */ = {isa = PBXBuildFile; fileRef = 22DD5E8C181EC96E004803D3 /* ViewControllerPerfil.m */; };
		22DD5E8F181EC96E004803D3 /* ViewControllerPerfil.xib in Resources */ = {isa = PBXBuildFile; fileRef = 22DD5E8D181EC96E004803D3 /* ViewControllerPerfil.xib */; };
		22DD5E93181EC985004803D3 /* ViewControllerSoporte.m in Sources */ = {isa = PBXBuildFile; fileRef = 22DD5E91181EC985004803D3 /* ViewControllerSoporte.m */; };
		22DD5E94181EC985004803D3 /* ViewControllerSoporte.xib in Resources */ = {isa = PBXBuildFile; fileRef = 22DD5E92181EC985004803D3 /* ViewControllerSoporte.xib */; };
		22DD5E98181EC9AD004803D3 /* ViewControllerDesenlaze.m in Sources */ = {isa = PBXBuildFile; fileRef = 22DD5E96181EC9AD004803D3 /* ViewControllerDesenlaze.m */; };
		22DD5E99181EC9AD004803D3 /* ViewControllerDesenlaze.xib in Resources */ = {isa = PBXBuildFile; fileRef = 22DD5E97181EC9AD004803D3 /* ViewControllerDesenlaze.xib */; };
		22F685E3182F157A00ABDE3D /* datos.png in Resources */ = {isa = PBXBuildFile; fileRef = 22F685D7182F157A00ABDE3D /* datos.png */; };
		22F685E4182F157A00ABDE3D /* datos@2x.png in Resources */ = {isa = PBXBuildFile; fileRef = 22F685D8182F157A00ABDE3D /* datos@2x.png */; };
		22F685E5182F157A00ABDE3D /* datosS.png in Resources */ = {isa = PBXBuildFile; fileRef = 22F685D9182F157A00ABDE3D /* datosS.png */; };
		22F685E6182F157A00ABDE3D /* datosS@2x.png in Resources */ = {isa = PBXBuildFile; fileRef = 22F685DA182F157A00ABDE3D /* datosS@2x.png */; };
		22F685E7182F157A00ABDE3D /* enlace.png in Resources */ = {isa = PBXBuildFile; fileRef = 22F685DB182F157A00ABDE3D /* enlace.png */; };
		22F685E8182F157A00ABDE3D /* enlace@2x.png in Resources */ = {isa = PBXBuildFile; fileRef = 22F685DC182F157A00ABDE3D /* enlace@2x.png */; };
		22F685E9182F157A00ABDE3D /* enlaceS.png in Resources */ = {isa = PBXBuildFile; fileRef = 22F685DD182F157A00ABDE3D /* enlaceS.png */; };
		22F685EA182F157A00ABDE3D /* enlaceS@2x.png in Resources */ = {isa = PBXBuildFile; fileRef = 22F685DE182F157A00ABDE3D /* enlaceS@2x.png */; };
		22F685EB182F157A00ABDE3D /* seguridad.png in Resources */ = {isa = PBXBuildFile; fileRef = 22F685DF182F157A00ABDE3D /* seguridad.png */; };
		22F685EC182F157A00ABDE3D /* seguridad@2x.png in Resources */ = {isa = PBXBuildFile; fileRef = 22F685E0182F157A00ABDE3D /* seguridad@2x.png */; };
		22F685ED182F157A00ABDE3D /* seguridadS.png in Resources */ = {isa = PBXBuildFile; fileRef = 22F685E1182F157A00ABDE3D /* seguridadS.png */; };
		22F685EE182F157A00ABDE3D /* seguridadS@2x.png in Resources */ = {isa = PBXBuildFile; fileRef = 22F685E2182F157A00ABDE3D /* seguridadS@2x.png */; };
		22F685F2182F15A800ABDE3D /* ViewControllerRegDatos.m in Sources */ = {isa = PBXBuildFile; fileRef = 22F685F0182F15A800ABDE3D /* ViewControllerRegDatos.m */; };
		22F685F3182F15A800ABDE3D /* ViewControllerRegDatos.xib in Resources */ = {isa = PBXBuildFile; fileRef = 22F685F1182F15A800ABDE3D /* ViewControllerRegDatos.xib */; };
		22FBB0B1182EE4D5002DBC40 /* FMDatabase.m in Sources */ = {isa = PBXBuildFile; fileRef = 22FBB0A8182EE4D5002DBC40 /* FMDatabase.m */; };
		22FBB0B2182EE4D5002DBC40 /* FMDatabaseAdditions.m in Sources */ = {isa = PBXBuildFile; fileRef = 22FBB0AA182EE4D5002DBC40 /* FMDatabaseAdditions.m */; };
		22FBB0B3182EE4D5002DBC40 /* FMDatabasePool.m in Sources */ = {isa = PBXBuildFile; fileRef = 22FBB0AC182EE4D5002DBC40 /* FMDatabasePool.m */; };
		22FBB0B4182EE4D5002DBC40 /* FMDatabaseQueue.m in Sources */ = {isa = PBXBuildFile; fileRef = 22FBB0AE182EE4D5002DBC40 /* FMDatabaseQueue.m */; };
		22FBB0B5182EE4D5002DBC40 /* FMResultSet.m in Sources */ = {isa = PBXBuildFile; fileRef = 22FBB0B0182EE4D5002DBC40 /* FMResultSet.m */; };
		22FBB0B7182EE4E5002DBC40 /* libsqlite3.dylib in Frameworks */ = {isa = PBXBuildFile; fileRef = 22FBB0B6182EE4E5002DBC40 /* libsqlite3.dylib */; };
		22FBB0BA182EE518002DBC40 /* KuBDD.m in Sources */ = {isa = PBXBuildFile; fileRef = 22FBB0B9182EE518002DBC40 /* KuBDD.m */; };
		22FBB0BD182EFA31002DBC40 /* splash.png in Resources */ = {isa = PBXBuildFile; fileRef = 22FBB0BB182EFA31002DBC40 /* splash.png */; };
		22FBB0BE182EFA31002DBC40 /* splash@2x.png in Resources */ = {isa = PBXBuildFile; fileRef = 22FBB0BC182EFA31002DBC40 /* splash@2x.png */; };
		22FBB0C5182EFAA2002DBC40 /* ViewControllerPregunta.m in Sources */ = {isa = PBXBuildFile; fileRef = 22FBB0C3182EFAA2002DBC40 /* ViewControllerPregunta.m */; };
		22FBB0C6182EFAA2002DBC40 /* ViewControllerPregunta.xib in Resources */ = {isa = PBXBuildFile; fileRef = 22FBB0C4182EFAA2002DBC40 /* ViewControllerPregunta.xib */; };
		22FBB0CB182F018C002DBC40 /* botonBlancoBg.png in Resources */ = {isa = PBXBuildFile; fileRef = 22FBB0C7182F018C002DBC40 /* botonBlancoBg.png */; };
		22FBB0CC182F018C002DBC40 /* botonBlancoBg@2x.png in Resources */ = {isa = PBXBuildFile; fileRef = 22FBB0C8182F018C002DBC40 /* botonBlancoBg@2x.png */; };
		22FBB0CD182F018C002DBC40 /* linea.png in Resources */ = {isa = PBXBuildFile; fileRef = 22FBB0C9182F018C002DBC40 /* linea.png */; };
		22FBB0CE182F018C002DBC40 /* linea@2x.png in Resources */ = {isa = PBXBuildFile; fileRef = 22FBB0CA182F018C002DBC40 /* linea@2x.png */; };
		882D1B0D192406E500D7CC76 /* iToast.m in Sources */ = {isa = PBXBuildFile; fileRef = 882D1B0C192406E500D7CC76 /* iToast.m */; settings = {COMPILER_FLAGS = "-fno-objc-arc"; }; };
		885C58A2192AF0F300BD26F6 /* ViewControllerEnlaze.m in Sources */ = {isa = PBXBuildFile; fileRef = 885C58A0192AF0F300BD26F6 /* ViewControllerEnlaze.m */; };
		885C58A3192AF0F300BD26F6 /* ViewControllerEnlaze.xib in Resources */ = {isa = PBXBuildFile; fileRef = 885C58A1192AF0F300BD26F6 /* ViewControllerEnlaze.xib */; };
		885F096C1954A0F00075A0C6 /* libzbar.a in Frameworks */ = {isa = PBXBuildFile; fileRef = 22331209181060CB001FD603 /* libzbar.a */; };
		885F09781954EA670075A0C6 /* KUSoket.m in Sources */ = {isa = PBXBuildFile; fileRef = 885F09771954EA670075A0C6 /* KUSoket.m */; };
/* End PBXBuildFile section */

/* Begin PBXContainerItemProxy section */
		2295FEE818077D9E002FF865 /* PBXContainerItemProxy */ = {
			isa = PBXContainerItemProxy;
			containerPortal = 2295FEC018077D9D002FF865 /* Project object */;
			proxyType = 1;
			remoteGlobalIDString = 2295FEC718077D9D002FF865;
			remoteInfo = kupay;
		};
/* End PBXContainerItemProxy section */

/* Begin PBXFileReference section */
		220890D9182858BC00AE4889 /* ViewControllerTarjetaNueva.h */ = {isa = PBXFileReference; fileEncoding = 4; lastKnownFileType = sourcecode.c.h; name = ViewControllerTarjetaNueva.h; path = ../ViewControllerTarjetaNueva.h; sourceTree = "<group>"; };
		220890DA182858BC00AE4889 /* ViewControllerTarjetaNueva.m */ = {isa = PBXFileReference; fileEncoding = 4; lastKnownFileType = sourcecode.c.objc; name = ViewControllerTarjetaNueva.m; path = ../ViewControllerTarjetaNueva.m; sourceTree = "<group>"; };
		220890DB182858BC00AE4889 /* ViewControllerTarjetaNueva.xib */ = {isa = PBXFileReference; fileEncoding = 4; lastKnownFileType = file.xib; name = ViewControllerTarjetaNueva.xib; path = ../ViewControllerTarjetaNueva.xib; sourceTree = "<group>"; };
		220B1B751815BAED0049B519 /* historyLogoSelected.png */ = {isa = PBXFileReference; lastKnownFileType = image.png; path = historyLogoSelected.png; sourceTree = "<group>"; };
		220B1B771815BAED0049B519 /* historyLogoUnselected.png */ = {isa = PBXFileReference; lastKnownFileType = image.png; path = historyLogoUnselected.png; sourceTree = "<group>"; };
		220B1B791815BAED0049B519 /* scanerLogoSelected.png */ = {isa = PBXFileReference; lastKnownFileType = image.png; path = scanerLogoSelected.png; sourceTree = "<group>"; };
		220B1B7B1815BAED0049B519 /* scanerLogoUnselected.png */ = {isa = PBXFileReference; lastKnownFileType = image.png; path = scanerLogoUnselected.png; sourceTree = "<group>"; };
		220B1B7D1815BAED0049B519 /* selectedTab.png */ = {isa = PBXFileReference; lastKnownFileType = image.png; path = selectedTab.png; sourceTree = "<group>"; };
		220B1B7F1815BAED0049B519 /* tabhostbg.png */ = {isa = PBXFileReference; lastKnownFileType = image.png; path = tabhostbg.png; sourceTree = "<group>"; };
		220B1B811815BAED0049B519 /* transferLogoSelected.png */ = {isa = PBXFileReference; lastKnownFileType = image.png; path = transferLogoSelected.png; sourceTree = "<group>"; };
		220B1B831815BAED0049B519 /* transferLogoUnselected.png */ = {isa = PBXFileReference; lastKnownFileType = image.png; path = transferLogoUnselected.png; sourceTree = "<group>"; };
		220B1B951815C28F0049B519 /* historyLogoSelected@2x.png */ = {isa = PBXFileReference; lastKnownFileType = image.png; path = "historyLogoSelected@2x.png"; sourceTree = "<group>"; };
		220B1B961815C28F0049B519 /* historyLogoUnselected@2x.png */ = {isa = PBXFileReference; lastKnownFileType = image.png; path = "historyLogoUnselected@2x.png"; sourceTree = "<group>"; };
		220B1B971815C28F0049B519 /* scanerLogoSelected@2x.png */ = {isa = PBXFileReference; lastKnownFileType = image.png; path = "scanerLogoSelected@2x.png"; sourceTree = "<group>"; };
		220B1B981815C28F0049B519 /* scanerLogoUnselected@2x.png */ = {isa = PBXFileReference; lastKnownFileType = image.png; path = "scanerLogoUnselected@2x.png"; sourceTree = "<group>"; };
		220B1B991815C28F0049B519 /* selectedTab@2x.png */ = {isa = PBXFileReference; lastKnownFileType = image.png; path = "selectedTab@2x.png"; sourceTree = "<group>"; };
		220B1B9A1815C28F0049B519 /* tabhostbg@2x.png */ = {isa = PBXFileReference; lastKnownFileType = image.png; path = "tabhostbg@2x.png"; sourceTree = "<group>"; };
		220B1B9B1815C28F0049B519 /* transferLogoSelected@2x.png */ = {isa = PBXFileReference; lastKnownFileType = image.png; path = "transferLogoSelected@2x.png"; sourceTree = "<group>"; };
		220B1B9C1815C28F0049B519 /* transferLogoUnselected@2x.png */ = {isa = PBXFileReference; lastKnownFileType = image.png; path = "transferLogoUnselected@2x.png"; sourceTree = "<group>"; };
		220B1BA51816CE800049B519 /* gothicb.ttf */ = {isa = PBXFileReference; lastKnownFileType = file; name = gothicb.ttf; path = kupay/gothicb.ttf; sourceTree = "<group>"; };
		220B1BA81816D4890049B519 /* TPKeyboardAvoidingScrollView.h */ = {isa = PBXFileReference; fileEncoding = 4; lastKnownFileType = sourcecode.c.h; path = TPKeyboardAvoidingScrollView.h; sourceTree = "<group>"; };
		220B1BA91816D4890049B519 /* TPKeyboardAvoidingScrollView.m */ = {isa = PBXFileReference; fileEncoding = 4; lastKnownFileType = sourcecode.c.objc; path = TPKeyboardAvoidingScrollView.m; sourceTree = "<group>"; };
		220B1BAA1816D4890049B519 /* TPKeyboardAvoidingTableView.h */ = {isa = PBXFileReference; fileEncoding = 4; lastKnownFileType = sourcecode.c.h; path = TPKeyboardAvoidingTableView.h; sourceTree = "<group>"; };
		220B1BAB1816D4890049B519 /* TPKeyboardAvoidingTableView.m */ = {isa = PBXFileReference; fileEncoding = 4; lastKnownFileType = sourcecode.c.objc; path = TPKeyboardAvoidingTableView.m; sourceTree = "<group>"; };
		221A36BA18231931009C5AC0 /* ViewControllerDeposito.h */ = {isa = PBXFileReference; fileEncoding = 4; lastKnownFileType = sourcecode.c.h; path = ViewControllerDeposito.h; sourceTree = "<group>"; };
		221A36BB18231931009C5AC0 /* ViewControllerDeposito.m */ = {isa = PBXFileReference; fileEncoding = 4; lastKnownFileType = sourcecode.c.objc; path = ViewControllerDeposito.m; sourceTree = "<group>"; };
		221A36BC18231931009C5AC0 /* ViewControllerDeposito.xib */ = {isa = PBXFileReference; fileEncoding = 4; lastKnownFileType = file.xib; path = ViewControllerDeposito.xib; sourceTree = "<group>"; };
		221A36BF18232264009C5AC0 /* ViewControllerCodigoOXXO.h */ = {isa = PBXFileReference; fileEncoding = 4; lastKnownFileType = sourcecode.c.h; path = ViewControllerCodigoOXXO.h; sourceTree = "<group>"; };
		221A36C018232265009C5AC0 /* ViewControllerCodigoOXXO.m */ = {isa = PBXFileReference; fileEncoding = 4; lastKnownFileType = sourcecode.c.objc; path = ViewControllerCodigoOXXO.m; sourceTree = "<group>"; };
		221A36C118232265009C5AC0 /* ViewControllerCodigoOXXO.xib */ = {isa = PBXFileReference; fileEncoding = 4; lastKnownFileType = file.xib; path = ViewControllerCodigoOXXO.xib; sourceTree = "<group>"; };
		223311F5181060CB001FD603 /* Decoder.h */ = {isa = PBXFileReference; fileEncoding = 4; lastKnownFileType = sourcecode.c.h; path = Decoder.h; sourceTree = "<group>"; };
		223311F6181060CB001FD603 /* Exception.h */ = {isa = PBXFileReference; fileEncoding = 4; lastKnownFileType = sourcecode.c.h; path = Exception.h; sourceTree = "<group>"; };
		223311F7181060CB001FD603 /* Image.h */ = {isa = PBXFileReference; fileEncoding = 4; lastKnownFileType = sourcecode.c.h; path = Image.h; sourceTree = "<group>"; };
		223311F8181060CB001FD603 /* ImageScanner.h */ = {isa = PBXFileReference; fileEncoding = 4; lastKnownFileType = sourcecode.c.h; path = ImageScanner.h; sourceTree = "<group>"; };
		223311F9181060CB001FD603 /* Processor.h */ = {isa = PBXFileReference; fileEncoding = 4; lastKnownFileType = sourcecode.c.h; path = Processor.h; sourceTree = "<group>"; };
		223311FA181060CB001FD603 /* Scanner.h */ = {isa = PBXFileReference; fileEncoding = 4; lastKnownFileType = sourcecode.c.h; path = Scanner.h; sourceTree = "<group>"; };
		223311FB181060CB001FD603 /* Symbol.h */ = {isa = PBXFileReference; fileEncoding = 4; lastKnownFileType = sourcecode.c.h; path = Symbol.h; sourceTree = "<group>"; };
		223311FC181060CB001FD603 /* Video.h */ = {isa = PBXFileReference; fileEncoding = 4; lastKnownFileType = sourcecode.c.h; path = Video.h; sourceTree = "<group>"; };
		223311FD181060CB001FD603 /* Window.h */ = {isa = PBXFileReference; fileEncoding = 4; lastKnownFileType = sourcecode.c.h; path = Window.h; sourceTree = "<group>"; };
		223311FE181060CB001FD603 /* zbar.h */ = {isa = PBXFileReference; fileEncoding = 4; lastKnownFileType = sourcecode.c.h; path = zbar.h; sourceTree = "<group>"; };
		223311FF181060CB001FD603 /* ZBarCameraSimulator.h */ = {isa = PBXFileReference; fileEncoding = 4; lastKnownFileType = sourcecode.c.h; path = ZBarCameraSimulator.h; sourceTree = "<group>"; };
		22331200181060CB001FD603 /* ZBarCaptureReader.h */ = {isa = PBXFileReference; fileEncoding = 4; lastKnownFileType = sourcecode.c.h; path = ZBarCaptureReader.h; sourceTree = "<group>"; };
		22331201181060CB001FD603 /* ZBarHelpController.h */ = {isa = PBXFileReference; fileEncoding = 4; lastKnownFileType = sourcecode.c.h; path = ZBarHelpController.h; sourceTree = "<group>"; };
		22331202181060CB001FD603 /* ZBarImage.h */ = {isa = PBXFileReference; fileEncoding = 4; lastKnownFileType = sourcecode.c.h; path = ZBarImage.h; sourceTree = "<group>"; };
		22331203181060CB001FD603 /* ZBarImageScanner.h */ = {isa = PBXFileReference; fileEncoding = 4; lastKnownFileType = sourcecode.c.h; path = ZBarImageScanner.h; sourceTree = "<group>"; };
		22331204181060CB001FD603 /* ZBarReaderController.h */ = {isa = PBXFileReference; fileEncoding = 4; lastKnownFileType = sourcecode.c.h; path = ZBarReaderController.h; sourceTree = "<group>"; };
		22331205181060CB001FD603 /* ZBarReaderView.h */ = {isa = PBXFileReference; fileEncoding = 4; lastKnownFileType = sourcecode.c.h; path = ZBarReaderView.h; sourceTree = "<group>"; };
		22331206181060CB001FD603 /* ZBarReaderViewController.h */ = {isa = PBXFileReference; fileEncoding = 4; lastKnownFileType = sourcecode.c.h; path = ZBarReaderViewController.h; sourceTree = "<group>"; };
		22331207181060CB001FD603 /* ZBarSDK.h */ = {isa = PBXFileReference; fileEncoding = 4; lastKnownFileType = sourcecode.c.h; path = ZBarSDK.h; sourceTree = "<group>"; };
		22331208181060CB001FD603 /* ZBarSymbol.h */ = {isa = PBXFileReference; fileEncoding = 4; lastKnownFileType = sourcecode.c.h; path = ZBarSymbol.h; sourceTree = "<group>"; };
		22331209181060CB001FD603 /* libzbar.a */ = {isa = PBXFileReference; lastKnownFileType = archive.ar; path = libzbar.a; sourceTree = "<group>"; };
		2233120B181060CB001FD603 /* zbar-back.png */ = {isa = PBXFileReference; lastKnownFileType = image.png; path = "zbar-back.png"; sourceTree = "<group>"; };
		2233120C181060CB001FD603 /* zbar-help.html */ = {isa = PBXFileReference; fileEncoding = 4; lastKnownFileType = text.html; path = "zbar-help.html"; sourceTree = "<group>"; };
		2233120D181060CB001FD603 /* zbar-helpicons.png */ = {isa = PBXFileReference; lastKnownFileType = image.png; path = "zbar-helpicons.png"; sourceTree = "<group>"; };
		2233120E181060CB001FD603 /* zbar-samples.png */ = {isa = PBXFileReference; lastKnownFileType = image.png; path = "zbar-samples.png"; sourceTree = "<group>"; };
		2233121418106147001FD603 /* AVFoundation.framework */ = {isa = PBXFileReference; lastKnownFileType = wrapper.framework; name = AVFoundation.framework; path = System/Library/Frameworks/AVFoundation.framework; sourceTree = SDKROOT; };
		2233121618106158001FD603 /* CoreMedia.framework */ = {isa = PBXFileReference; lastKnownFileType = wrapper.framework; name = CoreMedia.framework; path = System/Library/Frameworks/CoreMedia.framework; sourceTree = SDKROOT; };
		2233121818106162001FD603 /* CoreAudio.framework */ = {isa = PBXFileReference; lastKnownFileType = wrapper.framework; name = CoreAudio.framework; path = System/Library/Frameworks/CoreAudio.framework; sourceTree = SDKROOT; };
		2233121A1810616E001FD603 /* CoreVideo.framework */ = {isa = PBXFileReference; lastKnownFileType = wrapper.framework; name = CoreVideo.framework; path = System/Library/Frameworks/CoreVideo.framework; sourceTree = SDKROOT; };
		2233121C18106177001FD603 /* QuartzCore.framework */ = {isa = PBXFileReference; lastKnownFileType = wrapper.framework; name = QuartzCore.framework; path = System/Library/Frameworks/QuartzCore.framework; sourceTree = SDKROOT; };
		2233121E18106191001FD603 /* libiconv.dylib */ = {isa = PBXFileReference; lastKnownFileType = "compiled.mach-o.dylib"; name = libiconv.dylib; path = usr/lib/libiconv.dylib; sourceTree = SDKROOT; };
		2233E1791830156A0046C751 /* transparente.png */ = {isa = PBXFileReference; lastKnownFileType = image.png; path = transparente.png; sourceTree = "<group>"; };
		2233E1811830403F0046C751 /* ASIAuthenticationDialog.h */ = {isa = PBXFileReference; fileEncoding = 4; lastKnownFileType = sourcecode.c.h; path = ASIAuthenticationDialog.h; sourceTree = "<group>"; };
		2233E1821830403F0046C751 /* ASIAuthenticationDialog.m */ = {isa = PBXFileReference; fileEncoding = 4; lastKnownFileType = sourcecode.c.objc; path = ASIAuthenticationDialog.m; sourceTree = "<group>"; };
		2233E1831830403F0046C751 /* ASICacheDelegate.h */ = {isa = PBXFileReference; fileEncoding = 4; lastKnownFileType = sourcecode.c.h; path = ASICacheDelegate.h; sourceTree = "<group>"; };
		2233E1841830403F0046C751 /* ASIDataCompressor.h */ = {isa = PBXFileReference; fileEncoding = 4; lastKnownFileType = sourcecode.c.h; path = ASIDataCompressor.h; sourceTree = "<group>"; };
		2233E1851830403F0046C751 /* ASIDataCompressor.m */ = {isa = PBXFileReference; fileEncoding = 4; lastKnownFileType = sourcecode.c.objc; path = ASIDataCompressor.m; sourceTree = "<group>"; };
		2233E1861830403F0046C751 /* ASIDataDecompressor.h */ = {isa = PBXFileReference; fileEncoding = 4; lastKnownFileType = sourcecode.c.h; path = ASIDataDecompressor.h; sourceTree = "<group>"; };
		2233E1871830403F0046C751 /* ASIDataDecompressor.m */ = {isa = PBXFileReference; fileEncoding = 4; lastKnownFileType = sourcecode.c.objc; path = ASIDataDecompressor.m; sourceTree = "<group>"; };
		2233E1881830403F0046C751 /* ASIDownloadCache.h */ = {isa = PBXFileReference; fileEncoding = 4; lastKnownFileType = sourcecode.c.h; path = ASIDownloadCache.h; sourceTree = "<group>"; };
		2233E1891830403F0046C751 /* ASIDownloadCache.m */ = {isa = PBXFileReference; fileEncoding = 4; lastKnownFileType = sourcecode.c.objc; path = ASIDownloadCache.m; sourceTree = "<group>"; };
		2233E18A1830403F0046C751 /* ASIFormDataRequest.h */ = {isa = PBXFileReference; fileEncoding = 4; lastKnownFileType = sourcecode.c.h; path = ASIFormDataRequest.h; sourceTree = "<group>"; };
		2233E18B1830403F0046C751 /* ASIFormDataRequest.m */ = {isa = PBXFileReference; fileEncoding = 4; lastKnownFileType = sourcecode.c.objc; path = ASIFormDataRequest.m; sourceTree = "<group>"; };
		2233E18C1830403F0046C751 /* ASIHTTPRequest.h */ = {isa = PBXFileReference; fileEncoding = 4; lastKnownFileType = sourcecode.c.h; path = ASIHTTPRequest.h; sourceTree = "<group>"; };
		2233E18D1830403F0046C751 /* ASIHTTPRequest.m */ = {isa = PBXFileReference; fileEncoding = 4; lastKnownFileType = sourcecode.c.objc; path = ASIHTTPRequest.m; sourceTree = "<group>"; };
		2233E18E1830403F0046C751 /* ASIHTTPRequestConfig.h */ = {isa = PBXFileReference; fileEncoding = 4; lastKnownFileType = sourcecode.c.h; path = ASIHTTPRequestConfig.h; sourceTree = "<group>"; };
		2233E18F1830403F0046C751 /* ASIHTTPRequestDelegate.h */ = {isa = PBXFileReference; fileEncoding = 4; lastKnownFileType = sourcecode.c.h; path = ASIHTTPRequestDelegate.h; sourceTree = "<group>"; };
		2233E1901830403F0046C751 /* ASIInputStream.h */ = {isa = PBXFileReference; fileEncoding = 4; lastKnownFileType = sourcecode.c.h; path = ASIInputStream.h; sourceTree = "<group>"; };
		2233E1911830403F0046C751 /* ASIInputStream.m */ = {isa = PBXFileReference; fileEncoding = 4; lastKnownFileType = sourcecode.c.objc; path = ASIInputStream.m; sourceTree = "<group>"; };
		2233E1921830403F0046C751 /* ASINetworkQueue.h */ = {isa = PBXFileReference; fileEncoding = 4; lastKnownFileType = sourcecode.c.h; path = ASINetworkQueue.h; sourceTree = "<group>"; };
		2233E1931830403F0046C751 /* ASINetworkQueue.m */ = {isa = PBXFileReference; fileEncoding = 4; lastKnownFileType = sourcecode.c.objc; path = ASINetworkQueue.m; sourceTree = "<group>"; };
		2233E1941830403F0046C751 /* ASIProgressDelegate.h */ = {isa = PBXFileReference; fileEncoding = 4; lastKnownFileType = sourcecode.c.h; path = ASIProgressDelegate.h; sourceTree = "<group>"; };
		2233E19E183040460046C751 /* Reachability.h */ = {isa = PBXFileReference; fileEncoding = 4; lastKnownFileType = sourcecode.c.h; path = Reachability.h; sourceTree = "<group>"; };
		2233E19F183040460046C751 /* Reachability.m */ = {isa = PBXFileReference; fileEncoding = 4; lastKnownFileType = sourcecode.c.objc; path = Reachability.m; sourceTree = "<group>"; };
		2233E1A1183040690046C751 /* CFNetwork.framework */ = {isa = PBXFileReference; lastKnownFileType = wrapper.framework; name = CFNetwork.framework; path = System/Library/Frameworks/CFNetwork.framework; sourceTree = SDKROOT; };
		2233E1A3183040870046C751 /* SystemConfiguration.framework */ = {isa = PBXFileReference; lastKnownFileType = wrapper.framework; name = SystemConfiguration.framework; path = System/Library/Frameworks/SystemConfiguration.framework; sourceTree = SDKROOT; };
		2233E1A5183040910046C751 /* MobileCoreServices.framework */ = {isa = PBXFileReference; lastKnownFileType = wrapper.framework; name = MobileCoreServices.framework; path = System/Library/Frameworks/MobileCoreServices.framework; sourceTree = SDKROOT; };
		2233E1A7183040C70046C751 /* libz.dylib */ = {isa = PBXFileReference; lastKnownFileType = "compiled.mach-o.dylib"; name = libz.dylib; path = usr/lib/libz.dylib; sourceTree = SDKROOT; };
		229150C81809F2BE00D0A715 /* ViewControllerMain.h */ = {isa = PBXFileReference; fileEncoding = 4; lastKnownFileType = sourcecode.c.h; path = ViewControllerMain.h; sourceTree = "<group>"; };
		229150C91809F2BE00D0A715 /* ViewControllerMain.m */ = {isa = PBXFileReference; fileEncoding = 4; lastKnownFileType = sourcecode.c.objc; path = ViewControllerMain.m; sourceTree = "<group>"; };
		229150CD1809F63300D0A715 /* ViewControllerConsultar.h */ = {isa = PBXFileReference; fileEncoding = 4; lastKnownFileType = sourcecode.c.h; path = ViewControllerConsultar.h; sourceTree = "<group>"; };
		229150CE1809F63300D0A715 /* ViewControllerConsultar.m */ = {isa = PBXFileReference; fileEncoding = 4; lastKnownFileType = sourcecode.c.objc; path = ViewControllerConsultar.m; sourceTree = "<group>"; };
		229150CF1809F63300D0A715 /* ViewControllerConsultar.xib */ = {isa = PBXFileReference; fileEncoding = 4; lastKnownFileType = file.xib; path = ViewControllerConsultar.xib; sourceTree = "<group>"; };
		229150D31809F8B200D0A715 /* benviar.png */ = {isa = PBXFileReference; lastKnownFileType = image.png; path = benviar.png; sourceTree = "<group>"; };
		229150D41809F8B200D0A715 /* blanco.png */ = {isa = PBXFileReference; lastKnownFileType = image.png; path = blanco.png; sourceTree = "<group>"; };
		229150D51809F8B200D0A715 /* ccbg.png */ = {isa = PBXFileReference; lastKnownFileType = image.png; path = ccbg.png; sourceTree = "<group>"; };
		229150D61809F8B200D0A715 /* comp.png */ = {isa = PBXFileReference; lastKnownFileType = image.png; path = comp.png; sourceTree = "<group>"; };
		229150D71809F8B200D0A715 /* comp2.png */ = {isa = PBXFileReference; lastKnownFileType = image.png; path = comp2.png; sourceTree = "<group>"; };
		229150D81809F8B200D0A715 /* compm.png */ = {isa = PBXFileReference; lastKnownFileType = image.png; path = compm.png; sourceTree = "<group>"; };
		229150D91809F8B200D0A715 /* fondocam.png */ = {isa = PBXFileReference; lastKnownFileType = image.png; path = fondocam.png; sourceTree = "<group>"; };
		229150DA1809F8B200D0A715 /* home.png */ = {isa = PBXFileReference; lastKnownFileType = image.png; path = home.png; sourceTree = "<group>"; };
		229150DB1809F8B200D0A715 /* ku.png */ = {isa = PBXFileReference; lastKnownFileType = image.png; path = ku.png; sourceTree = "<group>"; };
		229150DC1809F8B200D0A715 /* ku72.png */ = {isa = PBXFileReference; lastKnownFileType = image.png; path = ku72.png; sourceTree = "<group>"; };
		229150DD1809F8B200D0A715 /* kucolor.png */ = {isa = PBXFileReference; lastKnownFileType = image.png; path = kucolor.png; sourceTree = "<group>"; };
		229150DE1809F8B200D0A715 /* mdm.png */ = {isa = PBXFileReference; lastKnownFileType = image.png; path = mdm.png; sourceTree = "<group>"; };
		229150DF1809F8B200D0A715 /* opciones.png */ = {isa = PBXFileReference; lastKnownFileType = image.png; path = opciones.png; sourceTree = "<group>"; };
		229150E01809F8B200D0A715 /* pin.png */ = {isa = PBXFileReference; lastKnownFileType = image.png; path = pin.png; sourceTree = "<group>"; };
		229150E11809F8B200D0A715 /* refresh.png */ = {isa = PBXFileReference; lastKnownFileType = image.png; path = refresh.png; sourceTree = "<group>"; };
		229150E21809F8B200D0A715 /* tran.png */ = {isa = PBXFileReference; lastKnownFileType = image.png; path = tran.png; sourceTree = "<group>"; };
		229150E31809F8B200D0A715 /* tran2.png */ = {isa = PBXFileReference; lastKnownFileType = image.png; path = tran2.png; sourceTree = "<group>"; };
		229150E41809F8B200D0A715 /* tranm.png */ = {isa = PBXFileReference; lastKnownFileType = image.png; path = tranm.png; sourceTree = "<group>"; };
		229150E51809F8B200D0A715 /* venm.png */ = {isa = PBXFileReference; lastKnownFileType = image.png; path = venm.png; sourceTree = "<group>"; };
		229150E61809F8B200D0A715 /* vent.png */ = {isa = PBXFileReference; lastKnownFileType = image.png; path = vent.png; sourceTree = "<group>"; };
		229150E71809F8B200D0A715 /* vent2.png */ = {isa = PBXFileReference; lastKnownFileType = image.png; path = vent2.png; sourceTree = "<group>"; };
		2295FEC818077D9D002FF865 /* kupay.app */ = {isa = PBXFileReference; explicitFileType = wrapper.application; includeInIndex = 0; path = kupay.app; sourceTree = BUILT_PRODUCTS_DIR; };
		2295FECB18077D9D002FF865 /* Foundation.framework */ = {isa = PBXFileReference; lastKnownFileType = wrapper.framework; name = Foundation.framework; path = System/Library/Frameworks/Foundation.framework; sourceTree = SDKROOT; };
		2295FECD18077D9D002FF865 /* CoreGraphics.framework */ = {isa = PBXFileReference; lastKnownFileType = wrapper.framework; name = CoreGraphics.framework; path = System/Library/Frameworks/CoreGraphics.framework; sourceTree = SDKROOT; };
		2295FECF18077D9D002FF865 /* UIKit.framework */ = {isa = PBXFileReference; lastKnownFileType = wrapper.framework; name = UIKit.framework; path = System/Library/Frameworks/UIKit.framework; sourceTree = SDKROOT; };
		2295FED318077D9E002FF865 /* kupay-Info.plist */ = {isa = PBXFileReference; lastKnownFileType = text.plist.xml; path = "kupay-Info.plist"; sourceTree = "<group>"; };
		2295FED518077D9E002FF865 /* en */ = {isa = PBXFileReference; lastKnownFileType = text.plist.strings; name = en; path = en.lproj/InfoPlist.strings; sourceTree = "<group>"; };
		2295FED718077D9E002FF865 /* main.m */ = {isa = PBXFileReference; lastKnownFileType = sourcecode.c.objc; path = main.m; sourceTree = "<group>"; };
		2295FED918077D9E002FF865 /* kupay-Prefix.pch */ = {isa = PBXFileReference; lastKnownFileType = sourcecode.c.h; path = "kupay-Prefix.pch"; sourceTree = "<group>"; };
		2295FEDA18077D9E002FF865 /* AppDelegate.h */ = {isa = PBXFileReference; lastKnownFileType = sourcecode.c.h; path = AppDelegate.h; sourceTree = "<group>"; };
		2295FEDB18077D9E002FF865 /* AppDelegate.m */ = {isa = PBXFileReference; lastKnownFileType = sourcecode.c.objc; path = AppDelegate.m; sourceTree = "<group>"; };
		2295FEDD18077D9E002FF865 /* Images.xcassets */ = {isa = PBXFileReference; lastKnownFileType = folder.assetcatalog; path = Images.xcassets; sourceTree = "<group>"; };
		2295FEE318077D9E002FF865 /* kupayTests.xctest */ = {isa = PBXFileReference; explicitFileType = wrapper.cfbundle; includeInIndex = 0; path = kupayTests.xctest; sourceTree = BUILT_PRODUCTS_DIR; };
		2295FEE418077D9E002FF865 /* XCTest.framework */ = {isa = PBXFileReference; lastKnownFileType = wrapper.framework; name = XCTest.framework; path = Library/Frameworks/XCTest.framework; sourceTree = DEVELOPER_DIR; };
		2295FEEC18077D9E002FF865 /* kupayTests-Info.plist */ = {isa = PBXFileReference; lastKnownFileType = text.plist.xml; path = "kupayTests-Info.plist"; sourceTree = "<group>"; };
		2295FEEE18077D9E002FF865 /* en */ = {isa = PBXFileReference; lastKnownFileType = text.plist.strings; name = en; path = en.lproj/InfoPlist.strings; sourceTree = "<group>"; };
		2295FEF018077D9E002FF865 /* kupayTests.m */ = {isa = PBXFileReference; lastKnownFileType = sourcecode.c.objc; path = kupayTests.m; sourceTree = "<group>"; };
		2295FEFA18077E09002FF865 /* ViewControllerTransferir.h */ = {isa = PBXFileReference; fileEncoding = 4; lastKnownFileType = sourcecode.c.h; name = ViewControllerTransferir.h; path = ../ViewControllerTransferir.h; sourceTree = "<group>"; };
		2295FEFB18077E09002FF865 /* ViewControllerTransferir.m */ = {isa = PBXFileReference; fileEncoding = 4; lastKnownFileType = sourcecode.c.objc; name = ViewControllerTransferir.m; path = ../ViewControllerTransferir.m; sourceTree = "<group>"; };
		2295FEFC18077E09002FF865 /* ViewControllerTransferir.xib */ = {isa = PBXFileReference; fileEncoding = 4; lastKnownFileType = file.xib; name = ViewControllerTransferir.xib; path = ../ViewControllerTransferir.xib; sourceTree = "<group>"; };
		2295FEFF18077E41002FF865 /* ViewControllerEscanear.h */ = {isa = PBXFileReference; fileEncoding = 4; lastKnownFileType = sourcecode.c.h; path = ViewControllerEscanear.h; sourceTree = "<group>"; };
		2295FF0018077E41002FF865 /* ViewControllerEscanear.m */ = {isa = PBXFileReference; fileEncoding = 4; lastKnownFileType = sourcecode.c.objc; path = ViewControllerEscanear.m; sourceTree = "<group>"; };
		2295FF0118077E41002FF865 /* ViewControllerEscanear.xib */ = {isa = PBXFileReference; fileEncoding = 4; lastKnownFileType = file.xib; path = ViewControllerEscanear.xib; sourceTree = "<group>"; };
		22DD5E71181EB20A004803D3 /* ZUUIRevealController.h */ = {isa = PBXFileReference; fileEncoding = 4; lastKnownFileType = sourcecode.c.h; path = ZUUIRevealController.h; sourceTree = "<group>"; };
		22DD5E72181EB20A004803D3 /* ZUUIRevealController.m */ = {isa = PBXFileReference; fileEncoding = 4; lastKnownFileType = sourcecode.c.objc; path = ZUUIRevealController.m; sourceTree = "<group>"; };
		22DD5E74181EB282004803D3 /* RevealController.h */ = {isa = PBXFileReference; fileEncoding = 4; lastKnownFileType = sourcecode.c.h; path = RevealController.h; sourceTree = "<group>"; };
		22DD5E75181EB282004803D3 /* RevealController.m */ = {isa = PBXFileReference; fileEncoding = 4; lastKnownFileType = sourcecode.c.objc; path = RevealController.m; sourceTree = "<group>"; };
		22DD5E77181EB480004803D3 /* RearViewController.h */ = {isa = PBXFileReference; fileEncoding = 4; lastKnownFileType = sourcecode.c.h; path = RearViewController.h; sourceTree = "<group>"; };
		22DD5E78181EB480004803D3 /* RearViewController.m */ = {isa = PBXFileReference; fileEncoding = 4; lastKnownFileType = sourcecode.c.objc; path = RearViewController.m; sourceTree = "<group>"; };
		22DD5E7A181EB982004803D3 /* RearViewController.xib */ = {isa = PBXFileReference; fileEncoding = 4; lastKnownFileType = file.xib; name = RearViewController.xib; path = ../RearViewController.xib; sourceTree = "<group>"; };
		22DD5E81181EC924004803D3 /* ViewControllerRetiro.h */ = {isa = PBXFileReference; fileEncoding = 4; lastKnownFileType = sourcecode.c.h; path = ViewControllerRetiro.h; sourceTree = "<group>"; };
		22DD5E82181EC924004803D3 /* ViewControllerRetiro.m */ = {isa = PBXFileReference; fileEncoding = 4; lastKnownFileType = sourcecode.c.objc; path = ViewControllerRetiro.m; sourceTree = "<group>"; };
		22DD5E83181EC924004803D3 /* ViewControllerRetiro.xib */ = {isa = PBXFileReference; fileEncoding = 4; lastKnownFileType = file.xib; path = ViewControllerRetiro.xib; sourceTree = "<group>"; };
		22DD5E86181EC956004803D3 /* ViewControllerLLaveKu.h */ = {isa = PBXFileReference; fileEncoding = 4; lastKnownFileType = sourcecode.c.h; path = ViewControllerLLaveKu.h; sourceTree = "<group>"; };
		22DD5E87181EC956004803D3 /* ViewControllerLLaveKu.m */ = {isa = PBXFileReference; fileEncoding = 4; lastKnownFileType = sourcecode.c.objc; path = ViewControllerLLaveKu.m; sourceTree = "<group>"; };
		22DD5E88181EC956004803D3 /* ViewControllerLLaveKu.xib */ = {isa = PBXFileReference; fileEncoding = 4; lastKnownFileType = file.xib; path = ViewControllerLLaveKu.xib; sourceTree = "<group>"; };
		22DD5E8B181EC96E004803D3 /* ViewControllerPerfil.h */ = {isa = PBXFileReference; fileEncoding = 4; lastKnownFileType = sourcecode.c.h; path = ViewControllerPerfil.h; sourceTree = "<group>"; };
		22DD5E8C181EC96E004803D3 /* ViewControllerPerfil.m */ = {isa = PBXFileReference; fileEncoding = 4; lastKnownFileType = sourcecode.c.objc; path = ViewControllerPerfil.m; sourceTree = "<group>"; };
		22DD5E8D181EC96E004803D3 /* ViewControllerPerfil.xib */ = {isa = PBXFileReference; fileEncoding = 4; lastKnownFileType = file.xib; path = ViewControllerPerfil.xib; sourceTree = "<group>"; };
		22DD5E90181EC985004803D3 /* ViewControllerSoporte.h */ = {isa = PBXFileReference; fileEncoding = 4; lastKnownFileType = sourcecode.c.h; name = ViewControllerSoporte.h; path = ../ViewControllerSoporte.h; sourceTree = "<group>"; };
		22DD5E91181EC985004803D3 /* ViewControllerSoporte.m */ = {isa = PBXFileReference; fileEncoding = 4; lastKnownFileType = sourcecode.c.objc; name = ViewControllerSoporte.m; path = ../ViewControllerSoporte.m; sourceTree = "<group>"; };
		22DD5E92181EC985004803D3 /* ViewControllerSoporte.xib */ = {isa = PBXFileReference; fileEncoding = 4; lastKnownFileType = file.xib; name = ViewControllerSoporte.xib; path = ../ViewControllerSoporte.xib; sourceTree = "<group>"; };
		22DD5E95181EC9AD004803D3 /* ViewControllerDesenlaze.h */ = {isa = PBXFileReference; fileEncoding = 4; lastKnownFileType = sourcecode.c.h; path = ViewControllerDesenlaze.h; sourceTree = "<group>"; };
		22DD5E96181EC9AD004803D3 /* ViewControllerDesenlaze.m */ = {isa = PBXFileReference; fileEncoding = 4; lastKnownFileType = sourcecode.c.objc; path = ViewControllerDesenlaze.m; sourceTree = "<group>"; };
		22DD5E97181EC9AD004803D3 /* ViewControllerDesenlaze.xib */ = {isa = PBXFileReference; fileEncoding = 4; lastKnownFileType = file.xib; path = ViewControllerDesenlaze.xib; sourceTree = "<group>"; };
		22F685D7182F157A00ABDE3D /* datos.png */ = {isa = PBXFileReference; lastKnownFileType = image.png; path = datos.png; sourceTree = "<group>"; };
		22F685D8182F157A00ABDE3D /* datos@2x.png */ = {isa = PBXFileReference; lastKnownFileType = image.png; path = "datos@2x.png"; sourceTree = "<group>"; };
		22F685D9182F157A00ABDE3D /* datosS.png */ = {isa = PBXFileReference; lastKnownFileType = image.png; path = datosS.png; sourceTree = "<group>"; };
		22F685DA182F157A00ABDE3D /* datosS@2x.png */ = {isa = PBXFileReference; lastKnownFileType = image.png; path = "datosS@2x.png"; sourceTree = "<group>"; };
		22F685DB182F157A00ABDE3D /* enlace.png */ = {isa = PBXFileReference; lastKnownFileType = image.png; path = enlace.png; sourceTree = "<group>"; };
		22F685DC182F157A00ABDE3D /* enlace@2x.png */ = {isa = PBXFileReference; lastKnownFileType = image.png; path = "enlace@2x.png"; sourceTree = "<group>"; };
		22F685DD182F157A00ABDE3D /* enlaceS.png */ = {isa = PBXFileReference; lastKnownFileType = image.png; path = enlaceS.png; sourceTree = "<group>"; };
		22F685DE182F157A00ABDE3D /* enlaceS@2x.png */ = {isa = PBXFileReference; lastKnownFileType = image.png; path = "enlaceS@2x.png"; sourceTree = "<group>"; };
		22F685DF182F157A00ABDE3D /* seguridad.png */ = {isa = PBXFileReference; lastKnownFileType = image.png; path = seguridad.png; sourceTree = "<group>"; };
		22F685E0182F157A00ABDE3D /* seguridad@2x.png */ = {isa = PBXFileReference; lastKnownFileType = image.png; path = "seguridad@2x.png"; sourceTree = "<group>"; };
		22F685E1182F157A00ABDE3D /* seguridadS.png */ = {isa = PBXFileReference; lastKnownFileType = image.png; path = seguridadS.png; sourceTree = "<group>"; };
		22F685E2182F157A00ABDE3D /* seguridadS@2x.png */ = {isa = PBXFileReference; lastKnownFileType = image.png; path = "seguridadS@2x.png"; sourceTree = "<group>"; };
		22F685EF182F15A800ABDE3D /* ViewControllerRegDatos.h */ = {isa = PBXFileReference; fileEncoding = 4; lastKnownFileType = sourcecode.c.h; name = ViewControllerRegDatos.h; path = kupay/ViewControllerRegDatos.h; sourceTree = SOURCE_ROOT; };
		22F685F0182F15A800ABDE3D /* ViewControllerRegDatos.m */ = {isa = PBXFileReference; fileEncoding = 4; lastKnownFileType = sourcecode.c.objc; name = ViewControllerRegDatos.m; path = kupay/ViewControllerRegDatos.m; sourceTree = SOURCE_ROOT; };
		22F685F1182F15A800ABDE3D /* ViewControllerRegDatos.xib */ = {isa = PBXFileReference; fileEncoding = 4; lastKnownFileType = file.xib; name = ViewControllerRegDatos.xib; path = kupay/ViewControllerRegDatos.xib; sourceTree = SOURCE_ROOT; };
		22FBB0A7182EE4D5002DBC40 /* FMDatabase.h */ = {isa = PBXFileReference; fileEncoding = 4; lastKnownFileType = sourcecode.c.h; path = FMDatabase.h; sourceTree = "<group>"; };
		22FBB0A8182EE4D5002DBC40 /* FMDatabase.m */ = {isa = PBXFileReference; fileEncoding = 4; lastKnownFileType = sourcecode.c.objc; path = FMDatabase.m; sourceTree = "<group>"; };
		22FBB0A9182EE4D5002DBC40 /* FMDatabaseAdditions.h */ = {isa = PBXFileReference; fileEncoding = 4; lastKnownFileType = sourcecode.c.h; path = FMDatabaseAdditions.h; sourceTree = "<group>"; };
		22FBB0AA182EE4D5002DBC40 /* FMDatabaseAdditions.m */ = {isa = PBXFileReference; fileEncoding = 4; lastKnownFileType = sourcecode.c.objc; path = FMDatabaseAdditions.m; sourceTree = "<group>"; };
		22FBB0AB182EE4D5002DBC40 /* FMDatabasePool.h */ = {isa = PBXFileReference; fileEncoding = 4; lastKnownFileType = sourcecode.c.h; path = FMDatabasePool.h; sourceTree = "<group>"; };
		22FBB0AC182EE4D5002DBC40 /* FMDatabasePool.m */ = {isa = PBXFileReference; fileEncoding = 4; lastKnownFileType = sourcecode.c.objc; path = FMDatabasePool.m; sourceTree = "<group>"; };
		22FBB0AD182EE4D5002DBC40 /* FMDatabaseQueue.h */ = {isa = PBXFileReference; fileEncoding = 4; lastKnownFileType = sourcecode.c.h; path = FMDatabaseQueue.h; sourceTree = "<group>"; };
		22FBB0AE182EE4D5002DBC40 /* FMDatabaseQueue.m */ = {isa = PBXFileReference; fileEncoding = 4; lastKnownFileType = sourcecode.c.objc; path = FMDatabaseQueue.m; sourceTree = "<group>"; };
		22FBB0AF182EE4D5002DBC40 /* FMResultSet.h */ = {isa = PBXFileReference; fileEncoding = 4; lastKnownFileType = sourcecode.c.h; path = FMResultSet.h; sourceTree = "<group>"; };
		22FBB0B0182EE4D5002DBC40 /* FMResultSet.m */ = {isa = PBXFileReference; fileEncoding = 4; lastKnownFileType = sourcecode.c.objc; path = FMResultSet.m; sourceTree = "<group>"; };
		22FBB0B6182EE4E5002DBC40 /* libsqlite3.dylib */ = {isa = PBXFileReference; lastKnownFileType = "compiled.mach-o.dylib"; name = libsqlite3.dylib; path = usr/lib/libsqlite3.dylib; sourceTree = SDKROOT; };
		22FBB0B8182EE518002DBC40 /* KuBDD.h */ = {isa = PBXFileReference; fileEncoding = 4; lastKnownFileType = sourcecode.c.h; name = KuBDD.h; path = kupay/KuBDD.h; sourceTree = SOURCE_ROOT; };
		22FBB0B9182EE518002DBC40 /* KuBDD.m */ = {isa = PBXFileReference; fileEncoding = 4; lastKnownFileType = sourcecode.c.objc; name = KuBDD.m; path = kupay/KuBDD.m; sourceTree = SOURCE_ROOT; };
		22FBB0BB182EFA31002DBC40 /* splash.png */ = {isa = PBXFileReference; lastKnownFileType = image.png; path = splash.png; sourceTree = "<group>"; };
		22FBB0BC182EFA31002DBC40 /* splash@2x.png */ = {isa = PBXFileReference; lastKnownFileType = image.png; path = "splash@2x.png"; sourceTree = "<group>"; };
		22FBB0C2182EFAA2002DBC40 /* ViewControllerPregunta.h */ = {isa = PBXFileReference; fileEncoding = 4; lastKnownFileType = sourcecode.c.h; path = ViewControllerPregunta.h; sourceTree = "<group>"; };
		22FBB0C3182EFAA2002DBC40 /* ViewControllerPregunta.m */ = {isa = PBXFileReference; fileEncoding = 4; lastKnownFileType = sourcecode.c.objc; path = ViewControllerPregunta.m; sourceTree = "<group>"; };
		22FBB0C4182EFAA2002DBC40 /* ViewControllerPregunta.xib */ = {isa = PBXFileReference; fileEncoding = 4; lastKnownFileType = file.xib; path = ViewControllerPregunta.xib; sourceTree = "<group>"; };
		22FBB0C7182F018C002DBC40 /* botonBlancoBg.png */ = {isa = PBXFileReference; lastKnownFileType = image.png; path = botonBlancoBg.png; sourceTree = "<group>"; };
		22FBB0C8182F018C002DBC40 /* botonBlancoBg@2x.png */ = {isa = PBXFileReference; lastKnownFileType = image.png; path = "botonBlancoBg@2x.png"; sourceTree = "<group>"; };
		22FBB0C9182F018C002DBC40 /* linea.png */ = {isa = PBXFileReference; lastKnownFileType = image.png; path = linea.png; sourceTree = "<group>"; };
		22FBB0CA182F018C002DBC40 /* linea@2x.png */ = {isa = PBXFileReference; lastKnownFileType = image.png; path = "linea@2x.png"; sourceTree = "<group>"; };
		882D1B0B192406E500D7CC76 /* iToast.h */ = {isa = PBXFileReference; fileEncoding = 4; lastKnownFileType = sourcecode.c.h; path = iToast.h; sourceTree = "<group>"; };
		882D1B0C192406E500D7CC76 /* iToast.m */ = {isa = PBXFileReference; fileEncoding = 4; lastKnownFileType = sourcecode.c.objc; path = iToast.m; sourceTree = "<group>"; };
		885C589F192AF0F300BD26F6 /* ViewControllerEnlaze.h */ = {isa = PBXFileReference; fileEncoding = 4; lastKnownFileType = sourcecode.c.h; path = ViewControllerEnlaze.h; sourceTree = "<group>"; };
		885C58A0192AF0F300BD26F6 /* ViewControllerEnlaze.m */ = {isa = PBXFileReference; fileEncoding = 4; lastKnownFileType = sourcecode.c.objc; path = ViewControllerEnlaze.m; sourceTree = "<group>"; };
		885C58A1192AF0F300BD26F6 /* ViewControllerEnlaze.xib */ = {isa = PBXFileReference; fileEncoding = 4; lastKnownFileType = file.xib; path = ViewControllerEnlaze.xib; sourceTree = "<group>"; };
		885F09761954EA670075A0C6 /* KUSoket.h */ = {isa = PBXFileReference; fileEncoding = 4; lastKnownFileType = sourcecode.c.h; name = KUSoket.h; path = kupay/KUSoket.h; sourceTree = "<group>"; };
		885F09771954EA670075A0C6 /* KUSoket.m */ = {isa = PBXFileReference; fileEncoding = 4; lastKnownFileType = sourcecode.c.objc; name = KUSoket.m; path = kupay/KUSoket.m; sourceTree = "<group>"; };
/* End PBXFileReference section */

/* Begin PBXFrameworksBuildPhase section */
		2295FEC518077D9D002FF865 /* Frameworks */ = {
			isa = PBXFrameworksBuildPhase;
			buildActionMask = 2147483647;
			files = (
				2233121718106158001FD603 /* CoreMedia.framework in Frameworks */,
				2233E1A8183040C70046C751 /* libz.dylib in Frameworks */,
				2295FECE18077D9D002FF865 /* CoreGraphics.framework in Frameworks */,
				2233E1A6183040910046C751 /* MobileCoreServices.framework in Frameworks */,
				2233E1A4183040870046C751 /* SystemConfiguration.framework in Frameworks */,
				2233E1A2183040690046C751 /* CFNetwork.framework in Frameworks */,
				22FBB0B7182EE4E5002DBC40 /* libsqlite3.dylib in Frameworks */,
				2233121F18106191001FD603 /* libiconv.dylib in Frameworks */,
				2233121D18106177001FD603 /* QuartzCore.framework in Frameworks */,
				2233121B1810616E001FD603 /* CoreVideo.framework in Frameworks */,
				2233121918106162001FD603 /* CoreAudio.framework in Frameworks */,
				2233121518106147001FD603 /* AVFoundation.framework in Frameworks */,
				2295FED018077D9D002FF865 /* UIKit.framework in Frameworks */,
				2295FECC18077D9D002FF865 /* Foundation.framework in Frameworks */,
				885F096C1954A0F00075A0C6 /* libzbar.a in Frameworks */,
			);
			runOnlyForDeploymentPostprocessing = 0;
		};
		2295FEE018077D9E002FF865 /* Frameworks */ = {
			isa = PBXFrameworksBuildPhase;
			buildActionMask = 2147483647;
			files = (
				2295FEE518077D9E002FF865 /* XCTest.framework in Frameworks */,
				2295FEE718077D9E002FF865 /* UIKit.framework in Frameworks */,
				2295FEE618077D9E002FF865 /* Foundation.framework in Frameworks */,
			);
			runOnlyForDeploymentPostprocessing = 0;
		};
/* End PBXFrameworksBuildPhase section */

/* Begin PBXGroup section */
		220B1BA71816D4890049B519 /* TPKeyboardAvoiding */ = {
			isa = PBXGroup;
			children = (
				220B1BA81816D4890049B519 /* TPKeyboardAvoidingScrollView.h */,
				220B1BA91816D4890049B519 /* TPKeyboardAvoidingScrollView.m */,
				220B1BAA1816D4890049B519 /* TPKeyboardAvoidingTableView.h */,
				220B1BAB1816D4890049B519 /* TPKeyboardAvoidingTableView.m */,
			);
			name = TPKeyboardAvoiding;
			path = kupay/TPKeyboardAvoiding;
			sourceTree = "<group>";
		};
		223311F1181060CB001FD603 /* ZBarSDK */ = {
			isa = PBXGroup;
			children = (
				223311F2181060CB001FD603 /* Headers */,
				22331209181060CB001FD603 /* libzbar.a */,
				2233120A181060CB001FD603 /* Resources */,
			);
			path = ZBarSDK;
			sourceTree = "<group>";
		};
		223311F2181060CB001FD603 /* Headers */ = {
			isa = PBXGroup;
			children = (
				223311F3181060CB001FD603 /* ZBarSDK */,
			);
			path = Headers;
			sourceTree = "<group>";
		};
		223311F3181060CB001FD603 /* ZBarSDK */ = {
			isa = PBXGroup;
			children = (
				223311F4181060CB001FD603 /* zbar */,
				223311FE181060CB001FD603 /* zbar.h */,
				223311FF181060CB001FD603 /* ZBarCameraSimulator.h */,
				22331200181060CB001FD603 /* ZBarCaptureReader.h */,
				22331201181060CB001FD603 /* ZBarHelpController.h */,
				22331202181060CB001FD603 /* ZBarImage.h */,
				22331203181060CB001FD603 /* ZBarImageScanner.h */,
				22331204181060CB001FD603 /* ZBarReaderController.h */,
				22331205181060CB001FD603 /* ZBarReaderView.h */,
				22331206181060CB001FD603 /* ZBarReaderViewController.h */,
				22331207181060CB001FD603 /* ZBarSDK.h */,
				22331208181060CB001FD603 /* ZBarSymbol.h */,
			);
			path = ZBarSDK;
			sourceTree = "<group>";
		};
		223311F4181060CB001FD603 /* zbar */ = {
			isa = PBXGroup;
			children = (
				223311F5181060CB001FD603 /* Decoder.h */,
				223311F6181060CB001FD603 /* Exception.h */,
				223311F7181060CB001FD603 /* Image.h */,
				223311F8181060CB001FD603 /* ImageScanner.h */,
				223311F9181060CB001FD603 /* Processor.h */,
				223311FA181060CB001FD603 /* Scanner.h */,
				223311FB181060CB001FD603 /* Symbol.h */,
				223311FC181060CB001FD603 /* Video.h */,
				223311FD181060CB001FD603 /* Window.h */,
			);
			path = zbar;
			sourceTree = "<group>";
		};
		2233120A181060CB001FD603 /* Resources */ = {
			isa = PBXGroup;
			children = (
				2233120B181060CB001FD603 /* zbar-back.png */,
				2233120C181060CB001FD603 /* zbar-help.html */,
				2233120D181060CB001FD603 /* zbar-helpicons.png */,
				2233120E181060CB001FD603 /* zbar-samples.png */,
			);
			path = Resources;
			sourceTree = "<group>";
		};
		2233E1801830403F0046C751 /* ClassesHTTP */ = {
			isa = PBXGroup;
			children = (
				2233E1811830403F0046C751 /* ASIAuthenticationDialog.h */,
				2233E1821830403F0046C751 /* ASIAuthenticationDialog.m */,
				2233E1831830403F0046C751 /* ASICacheDelegate.h */,
				2233E1841830403F0046C751 /* ASIDataCompressor.h */,
				2233E1851830403F0046C751 /* ASIDataCompressor.m */,
				2233E1861830403F0046C751 /* ASIDataDecompressor.h */,
				2233E1871830403F0046C751 /* ASIDataDecompressor.m */,
				2233E1881830403F0046C751 /* ASIDownloadCache.h */,
				2233E1891830403F0046C751 /* ASIDownloadCache.m */,
				2233E18A1830403F0046C751 /* ASIFormDataRequest.h */,
				2233E18B1830403F0046C751 /* ASIFormDataRequest.m */,
				2233E18C1830403F0046C751 /* ASIHTTPRequest.h */,
				2233E18D1830403F0046C751 /* ASIHTTPRequest.m */,
				2233E18E1830403F0046C751 /* ASIHTTPRequestConfig.h */,
				2233E18F1830403F0046C751 /* ASIHTTPRequestDelegate.h */,
				2233E1901830403F0046C751 /* ASIInputStream.h */,
				2233E1911830403F0046C751 /* ASIInputStream.m */,
				2233E1921830403F0046C751 /* ASINetworkQueue.h */,
				2233E1931830403F0046C751 /* ASINetworkQueue.m */,
				2233E1941830403F0046C751 /* ASIProgressDelegate.h */,
			);
			path = ClassesHTTP;
			sourceTree = "<group>";
		};
		2233E19D183040460046C751 /* Reachability */ = {
			isa = PBXGroup;
			children = (
				2233E19E183040460046C751 /* Reachability.h */,
				2233E19F183040460046C751 /* Reachability.m */,
			);
			path = Reachability;
			sourceTree = "<group>";
		};
		229150D21809F8B200D0A715 /* imgs */ = {
			isa = PBXGroup;
			children = (
				2233E1791830156A0046C751 /* transparente.png */,
				22F685D7182F157A00ABDE3D /* datos.png */,
				22F685D8182F157A00ABDE3D /* datos@2x.png */,
				22F685D9182F157A00ABDE3D /* datosS.png */,
				22F685DA182F157A00ABDE3D /* datosS@2x.png */,
				22F685DB182F157A00ABDE3D /* enlace.png */,
				22F685DC182F157A00ABDE3D /* enlace@2x.png */,
				22F685DD182F157A00ABDE3D /* enlaceS.png */,
				22F685DE182F157A00ABDE3D /* enlaceS@2x.png */,
				22F685DF182F157A00ABDE3D /* seguridad.png */,
				22F685E0182F157A00ABDE3D /* seguridad@2x.png */,
				22F685E1182F157A00ABDE3D /* seguridadS.png */,
				22F685E2182F157A00ABDE3D /* seguridadS@2x.png */,
				22FBB0C7182F018C002DBC40 /* botonBlancoBg.png */,
				22FBB0C8182F018C002DBC40 /* botonBlancoBg@2x.png */,
				22FBB0C9182F018C002DBC40 /* linea.png */,
				22FBB0CA182F018C002DBC40 /* linea@2x.png */,
				22FBB0BB182EFA31002DBC40 /* splash.png */,
				22FBB0BC182EFA31002DBC40 /* splash@2x.png */,
				220B1B951815C28F0049B519 /* historyLogoSelected@2x.png */,
				220B1B961815C28F0049B519 /* historyLogoUnselected@2x.png */,
				220B1B971815C28F0049B519 /* scanerLogoSelected@2x.png */,
				220B1B981815C28F0049B519 /* scanerLogoUnselected@2x.png */,
				220B1B991815C28F0049B519 /* selectedTab@2x.png */,
				220B1B9A1815C28F0049B519 /* tabhostbg@2x.png */,
				220B1B9B1815C28F0049B519 /* transferLogoSelected@2x.png */,
				220B1B9C1815C28F0049B519 /* transferLogoUnselected@2x.png */,
				220B1B751815BAED0049B519 /* historyLogoSelected.png */,
				220B1B771815BAED0049B519 /* historyLogoUnselected.png */,
				220B1B791815BAED0049B519 /* scanerLogoSelected.png */,
				220B1B7B1815BAED0049B519 /* scanerLogoUnselected.png */,
				220B1B7D1815BAED0049B519 /* selectedTab.png */,
				220B1B7F1815BAED0049B519 /* tabhostbg.png */,
				220B1B811815BAED0049B519 /* transferLogoSelected.png */,
				220B1B831815BAED0049B519 /* transferLogoUnselected.png */,
				229150D31809F8B200D0A715 /* benviar.png */,
				229150D41809F8B200D0A715 /* blanco.png */,
				229150D51809F8B200D0A715 /* ccbg.png */,
				229150D61809F8B200D0A715 /* comp.png */,
				229150D71809F8B200D0A715 /* comp2.png */,
				229150D81809F8B200D0A715 /* compm.png */,
				229150D91809F8B200D0A715 /* fondocam.png */,
				229150DA1809F8B200D0A715 /* home.png */,
				229150DB1809F8B200D0A715 /* ku.png */,
				229150DC1809F8B200D0A715 /* ku72.png */,
				229150DD1809F8B200D0A715 /* kucolor.png */,
				229150DE1809F8B200D0A715 /* mdm.png */,
				229150DF1809F8B200D0A715 /* opciones.png */,
				229150E01809F8B200D0A715 /* pin.png */,
				229150E11809F8B200D0A715 /* refresh.png */,
				229150E21809F8B200D0A715 /* tran.png */,
				229150E31809F8B200D0A715 /* tran2.png */,
				229150E41809F8B200D0A715 /* tranm.png */,
				229150E51809F8B200D0A715 /* venm.png */,
				229150E61809F8B200D0A715 /* vent.png */,
				229150E71809F8B200D0A715 /* vent2.png */,
			);
			name = imgs;
			path = kupay/imgs;
			sourceTree = "<group>";
		};
		2295FEBF18077D9D002FF865 = {
			isa = PBXGroup;
			children = (
				885F09761954EA670075A0C6 /* KUSoket.h */,
				885F09771954EA670075A0C6 /* KUSoket.m */,
				882D1B0A192406E500D7CC76 /* toast */,
				2233E19D183040460046C751 /* Reachability */,
				2233E1801830403F0046C751 /* ClassesHTTP */,
				22FBB0A6182EE4D5002DBC40 /* FMDB */,
				22DD5E70181EB20A004803D3 /* ZUUIRevealController */,
				220B1BA71816D4890049B519 /* TPKeyboardAvoiding */,
				220B1BA51816CE800049B519 /* gothicb.ttf */,
				223311F1181060CB001FD603 /* ZBarSDK */,
				229150D21809F8B200D0A715 /* imgs */,
				2295FED118077D9D002FF865 /* kupay */,
				2295FEEA18077D9E002FF865 /* kupayTests */,
				2295FECA18077D9D002FF865 /* Frameworks */,
				2295FEC918077D9D002FF865 /* Products */,
			);
			sourceTree = "<group>";
		};
		2295FEC918077D9D002FF865 /* Products */ = {
			isa = PBXGroup;
			children = (
				2295FEC818077D9D002FF865 /* kupay.app */,
				2295FEE318077D9E002FF865 /* kupayTests.xctest */,
			);
			name = Products;
			sourceTree = "<group>";
		};
		2295FECA18077D9D002FF865 /* Frameworks */ = {
			isa = PBXGroup;
			children = (
				2233E1A7183040C70046C751 /* libz.dylib */,
				2233E1A5183040910046C751 /* MobileCoreServices.framework */,
				2233E1A3183040870046C751 /* SystemConfiguration.framework */,
				2233E1A1183040690046C751 /* CFNetwork.framework */,
				22FBB0B6182EE4E5002DBC40 /* libsqlite3.dylib */,
				2233121E18106191001FD603 /* libiconv.dylib */,
				2233121C18106177001FD603 /* QuartzCore.framework */,
				2233121A1810616E001FD603 /* CoreVideo.framework */,
				2233121818106162001FD603 /* CoreAudio.framework */,
				2233121618106158001FD603 /* CoreMedia.framework */,
				2233121418106147001FD603 /* AVFoundation.framework */,
				2295FECB18077D9D002FF865 /* Foundation.framework */,
				2295FECD18077D9D002FF865 /* CoreGraphics.framework */,
				2295FECF18077D9D002FF865 /* UIKit.framework */,
				2295FEE418077D9E002FF865 /* XCTest.framework */,
			);
			name = Frameworks;
			sourceTree = "<group>";
		};
		2295FED118077D9D002FF865 /* kupay */ = {
			isa = PBXGroup;
			children = (
				885C589F192AF0F300BD26F6 /* ViewControllerEnlaze.h */,
				885C58A0192AF0F300BD26F6 /* ViewControllerEnlaze.m */,
				885C58A1192AF0F300BD26F6 /* ViewControllerEnlaze.xib */,
				22F685EF182F15A800ABDE3D /* ViewControllerRegDatos.h */,
				22F685F0182F15A800ABDE3D /* ViewControllerRegDatos.m */,
				22F685F1182F15A800ABDE3D /* ViewControllerRegDatos.xib */,
				22FBB0B8182EE518002DBC40 /* KuBDD.h */,
				22FBB0B9182EE518002DBC40 /* KuBDD.m */,
				22FBB0C2182EFAA2002DBC40 /* ViewControllerPregunta.h */,
				22FBB0C3182EFAA2002DBC40 /* ViewControllerPregunta.m */,
				22FBB0C4182EFAA2002DBC40 /* ViewControllerPregunta.xib */,
				220890D9182858BC00AE4889 /* ViewControllerTarjetaNueva.h */,
				220890DA182858BC00AE4889 /* ViewControllerTarjetaNueva.m */,
				220890DB182858BC00AE4889 /* ViewControllerTarjetaNueva.xib */,
				221A36BA18231931009C5AC0 /* ViewControllerDeposito.h */,
				221A36BB18231931009C5AC0 /* ViewControllerDeposito.m */,
				221A36BC18231931009C5AC0 /* ViewControllerDeposito.xib */,
				221A36BF18232264009C5AC0 /* ViewControllerCodigoOXXO.h */,
				221A36C018232265009C5AC0 /* ViewControllerCodigoOXXO.m */,
				221A36C118232265009C5AC0 /* ViewControllerCodigoOXXO.xib */,
				22DD5E95181EC9AD004803D3 /* ViewControllerDesenlaze.h */,
				22DD5E96181EC9AD004803D3 /* ViewControllerDesenlaze.m */,
				22DD5E97181EC9AD004803D3 /* ViewControllerDesenlaze.xib */,
				22DD5E90181EC985004803D3 /* ViewControllerSoporte.h */,
				22DD5E91181EC985004803D3 /* ViewControllerSoporte.m */,
				22DD5E92181EC985004803D3 /* ViewControllerSoporte.xib */,
				22DD5E8B181EC96E004803D3 /* ViewControllerPerfil.h */,
				22DD5E8C181EC96E004803D3 /* ViewControllerPerfil.m */,
				22DD5E8D181EC96E004803D3 /* ViewControllerPerfil.xib */,
				22DD5E86181EC956004803D3 /* ViewControllerLLaveKu.h */,
				22DD5E87181EC956004803D3 /* ViewControllerLLaveKu.m */,
				22DD5E88181EC956004803D3 /* ViewControllerLLaveKu.xib */,
				22DD5E81181EC924004803D3 /* ViewControllerRetiro.h */,
				22DD5E82181EC924004803D3 /* ViewControllerRetiro.m */,
				22DD5E83181EC924004803D3 /* ViewControllerRetiro.xib */,
				22DD5E7A181EB982004803D3 /* RearViewController.xib */,
				22DD5E77181EB480004803D3 /* RearViewController.h */,
				22DD5E78181EB480004803D3 /* RearViewController.m */,
				22DD5E75181EB282004803D3 /* RevealController.m */,
				22DD5E74181EB282004803D3 /* RevealController.h */,
				229150CD1809F63300D0A715 /* ViewControllerConsultar.h */,
				229150CE1809F63300D0A715 /* ViewControllerConsultar.m */,
				229150CF1809F63300D0A715 /* ViewControllerConsultar.xib */,
				2295FEFA18077E09002FF865 /* ViewControllerTransferir.h */,
				2295FEFB18077E09002FF865 /* ViewControllerTransferir.m */,
				2295FEFC18077E09002FF865 /* ViewControllerTransferir.xib */,
				2295FEFF18077E41002FF865 /* ViewControllerEscanear.h */,
				2295FF0018077E41002FF865 /* ViewControllerEscanear.m */,
				2295FF0118077E41002FF865 /* ViewControllerEscanear.xib */,
				2295FEDA18077D9E002FF865 /* AppDelegate.h */,
				2295FEDB18077D9E002FF865 /* AppDelegate.m */,
				229150C81809F2BE00D0A715 /* ViewControllerMain.h */,
				229150C91809F2BE00D0A715 /* ViewControllerMain.m */,
				2295FEDD18077D9E002FF865 /* Images.xcassets */,
				2295FED218077D9D002FF865 /* Supporting Files */,
			);
			path = kupay;
			sourceTree = "<group>";
		};
		2295FED218077D9D002FF865 /* Supporting Files */ = {
			isa = PBXGroup;
			children = (
				2295FED318077D9E002FF865 /* kupay-Info.plist */,
				2295FED418077D9E002FF865 /* InfoPlist.strings */,
				2295FED718077D9E002FF865 /* main.m */,
				2295FED918077D9E002FF865 /* kupay-Prefix.pch */,
			);
			name = "Supporting Files";
			sourceTree = "<group>";
		};
		2295FEEA18077D9E002FF865 /* kupayTests */ = {
			isa = PBXGroup;
			children = (
				2295FEF018077D9E002FF865 /* kupayTests.m */,
				2295FEEB18077D9E002FF865 /* Supporting Files */,
			);
			path = kupayTests;
			sourceTree = "<group>";
		};
		2295FEEB18077D9E002FF865 /* Supporting Files */ = {
			isa = PBXGroup;
			children = (
				2295FEEC18077D9E002FF865 /* kupayTests-Info.plist */,
				2295FEED18077D9E002FF865 /* InfoPlist.strings */,
			);
			name = "Supporting Files";
			sourceTree = "<group>";
		};
		22DD5E70181EB20A004803D3 /* ZUUIRevealController */ = {
			isa = PBXGroup;
			children = (
				22DD5E71181EB20A004803D3 /* ZUUIRevealController.h */,
				22DD5E72181EB20A004803D3 /* ZUUIRevealController.m */,
			);
			path = ZUUIRevealController;
			sourceTree = "<group>";
		};
		22FBB0A6182EE4D5002DBC40 /* FMDB */ = {
			isa = PBXGroup;
			children = (
				22FBB0A7182EE4D5002DBC40 /* FMDatabase.h */,
				22FBB0A8182EE4D5002DBC40 /* FMDatabase.m */,
				22FBB0A9182EE4D5002DBC40 /* FMDatabaseAdditions.h */,
				22FBB0AA182EE4D5002DBC40 /* FMDatabaseAdditions.m */,
				22FBB0AB182EE4D5002DBC40 /* FMDatabasePool.h */,
				22FBB0AC182EE4D5002DBC40 /* FMDatabasePool.m */,
				22FBB0AD182EE4D5002DBC40 /* FMDatabaseQueue.h */,
				22FBB0AE182EE4D5002DBC40 /* FMDatabaseQueue.m */,
				22FBB0AF182EE4D5002DBC40 /* FMResultSet.h */,
				22FBB0B0182EE4D5002DBC40 /* FMResultSet.m */,
			);
			path = FMDB;
			sourceTree = "<group>";
		};
		882D1B0A192406E500D7CC76 /* toast */ = {
			isa = PBXGroup;
			children = (
				882D1B0B192406E500D7CC76 /* iToast.h */,
				882D1B0C192406E500D7CC76 /* iToast.m */,
			);
			path = toast;
			sourceTree = "<group>";
		};
/* End PBXGroup section */

/* Begin PBXNativeTarget section */
		2295FEC718077D9D002FF865 /* kupay */ = {
			isa = PBXNativeTarget;
			buildConfigurationList = 2295FEF418077D9E002FF865 /* Build configuration list for PBXNativeTarget "kupay" */;
			buildPhases = (
				2295FEC418077D9D002FF865 /* Sources */,
				2295FEC518077D9D002FF865 /* Frameworks */,
				2295FEC618077D9D002FF865 /* Resources */,
			);
			buildRules = (
			);
			dependencies = (
			);
			name = kupay;
			productName = kupay;
			productReference = 2295FEC818077D9D002FF865 /* kupay.app */;
			productType = "com.apple.product-type.application";
		};
		2295FEE218077D9E002FF865 /* kupayTests */ = {
			isa = PBXNativeTarget;
			buildConfigurationList = 2295FEF718077D9E002FF865 /* Build configuration list for PBXNativeTarget "kupayTests" */;
			buildPhases = (
				2295FEDF18077D9E002FF865 /* Sources */,
				2295FEE018077D9E002FF865 /* Frameworks */,
				2295FEE118077D9E002FF865 /* Resources */,
			);
			buildRules = (
			);
			dependencies = (
				2295FEE918077D9E002FF865 /* PBXTargetDependency */,
			);
			name = kupayTests;
			productName = kupayTests;
			productReference = 2295FEE318077D9E002FF865 /* kupayTests.xctest */;
			productType = "com.apple.product-type.bundle.unit-test";
		};
/* End PBXNativeTarget section */

/* Begin PBXProject section */
		2295FEC018077D9D002FF865 /* Project object */ = {
			isa = PBXProject;
			attributes = {
				LastUpgradeCheck = 0510;
				ORGANIZATIONNAME = ku;
				TargetAttributes = {
					2295FEE218077D9E002FF865 = {
						TestTargetID = 2295FEC718077D9D002FF865;
					};
				};
			};
			buildConfigurationList = 2295FEC318077D9D002FF865 /* Build configuration list for PBXProject "kupay" */;
			compatibilityVersion = "Xcode 3.2";
			developmentRegion = English;
			hasScannedForEncodings = 0;
			knownRegions = (
				en,
			);
			mainGroup = 2295FEBF18077D9D002FF865;
			productRefGroup = 2295FEC918077D9D002FF865 /* Products */;
			projectDirPath = "";
			projectRoot = "";
			targets = (
				2295FEC718077D9D002FF865 /* kupay */,
				2295FEE218077D9E002FF865 /* kupayTests */,
			);
		};
/* End PBXProject section */

/* Begin PBXResourcesBuildPhase section */
		2295FEC618077D9D002FF865 /* Resources */ = {
			isa = PBXResourcesBuildPhase;
			buildActionMask = 2147483647;
			files = (
				229150F41809F8B200D0A715 /* opciones.png in Resources */,
				229150F31809F8B200D0A715 /* mdm.png in Resources */,
				221A36BE18231931009C5AC0 /* ViewControllerDeposito.xib in Resources */,
				220B1B871815BAED0049B519 /* historyLogoUnselected.png in Resources */,
				22DD5E94181EC985004803D3 /* ViewControllerSoporte.xib in Resources */,
				220B1B8F1815BAED0049B519 /* tabhostbg.png in Resources */,
				22F685EA182F157A00ABDE3D /* enlaceS@2x.png in Resources */,
				229150F01809F8B200D0A715 /* ku.png in Resources */,
				229150ED1809F8B200D0A715 /* compm.png in Resources */,
				22FBB0BE182EFA31002DBC40 /* splash@2x.png in Resources */,
				22DD5E99181EC9AD004803D3 /* ViewControllerDesenlaze.xib in Resources */,
				22FBB0C6182EFAA2002DBC40 /* ViewControllerPregunta.xib in Resources */,
				229150F21809F8B200D0A715 /* kucolor.png in Resources */,
				885C58A3192AF0F300BD26F6 /* ViewControllerEnlaze.xib in Resources */,
				22331213181060CB001FD603 /* zbar-samples.png in Resources */,
				220B1B8D1815BAED0049B519 /* selectedTab.png in Resources */,
				229150EF1809F8B200D0A715 /* home.png in Resources */,
				229150F11809F8B200D0A715 /* ku72.png in Resources */,
				22F685E9182F157A00ABDE3D /* enlaceS.png in Resources */,
				221A36C318232265009C5AC0 /* ViewControllerCodigoOXXO.xib in Resources */,
				22F685E8182F157A00ABDE3D /* enlace@2x.png in Resources */,
				220B1B8B1815BAED0049B519 /* scanerLogoUnselected.png in Resources */,
				229150E81809F8B200D0A715 /* benviar.png in Resources */,
				22F685E4182F157A00ABDE3D /* datos@2x.png in Resources */,
				22331210181060CB001FD603 /* zbar-back.png in Resources */,
				229150EA1809F8B200D0A715 /* ccbg.png in Resources */,
				220B1B891815BAED0049B519 /* scanerLogoSelected.png in Resources */,
				22DD5E85181EC924004803D3 /* ViewControllerRetiro.xib in Resources */,
				220B1BA01815C28F0049B519 /* scanerLogoUnselected@2x.png in Resources */,
				229150F61809F8B200D0A715 /* refresh.png in Resources */,
				229150FA1809F8B200D0A715 /* venm.png in Resources */,
				22F685EC182F157A00ABDE3D /* seguridad@2x.png in Resources */,
				220B1B9D1815C28F0049B519 /* historyLogoSelected@2x.png in Resources */,
				22F685EE182F157A00ABDE3D /* seguridadS@2x.png in Resources */,
				2233E17A1830156A0046C751 /* transparente.png in Resources */,
				220B1B931815BAED0049B519 /* transferLogoUnselected.png in Resources */,
				229150F81809F8B200D0A715 /* tran2.png in Resources */,
				229150FC1809F8B200D0A715 /* vent2.png in Resources */,
				229150EE1809F8B200D0A715 /* fondocam.png in Resources */,
				22F685E3182F157A00ABDE3D /* datos.png in Resources */,
				22F685EB182F157A00ABDE3D /* seguridad.png in Resources */,
				2295FF0318077E41002FF865 /* ViewControllerEscanear.xib in Resources */,
				22FBB0CB182F018C002DBC40 /* botonBlancoBg.png in Resources */,
				22F685E5182F157A00ABDE3D /* datosS.png in Resources */,
				229150F91809F8B200D0A715 /* tranm.png in Resources */,
				220B1BA11815C28F0049B519 /* selectedTab@2x.png in Resources */,
				220B1BA21815C28F0049B519 /* tabhostbg@2x.png in Resources */,
				22331211181060CB001FD603 /* zbar-help.html in Resources */,
				220B1BA41815C28F0049B519 /* transferLogoUnselected@2x.png in Resources */,
				22DD5E7B181EB982004803D3 /* RearViewController.xib in Resources */,
				2295FED618077D9E002FF865 /* InfoPlist.strings in Resources */,
				22331212181060CB001FD603 /* zbar-helpicons.png in Resources */,
				22F685F3182F15A800ABDE3D /* ViewControllerRegDatos.xib in Resources */,
				220B1B851815BAED0049B519 /* historyLogoSelected.png in Resources */,
				220B1B9E1815C28F0049B519 /* historyLogoUnselected@2x.png in Resources */,
				22DD5E8A181EC956004803D3 /* ViewControllerLLaveKu.xib in Resources */,
				22F685E6182F157A00ABDE3D /* datosS@2x.png in Resources */,
				22F685E7182F157A00ABDE3D /* enlace.png in Resources */,
				229150F51809F8B200D0A715 /* pin.png in Resources */,
				220B1B9F1815C28F0049B519 /* scanerLogoSelected@2x.png in Resources */,
				22FBB0CD182F018C002DBC40 /* linea.png in Resources */,
				22FBB0BD182EFA31002DBC40 /* splash.png in Resources */,
				22F685ED182F157A00ABDE3D /* seguridadS.png in Resources */,
				229150FB1809F8B200D0A715 /* vent.png in Resources */,
				22FBB0CE182F018C002DBC40 /* linea@2x.png in Resources */,
				229150E91809F8B200D0A715 /* blanco.png in Resources */,
				229150EB1809F8B200D0A715 /* comp.png in Resources */,
				2295FEDE18077D9E002FF865 /* Images.xcassets in Resources */,
				229150F71809F8B200D0A715 /* tran.png in Resources */,
				229150D11809F63300D0A715 /* ViewControllerConsultar.xib in Resources */,
				2295FEFE18077E09002FF865 /* ViewControllerTransferir.xib in Resources */,
				220B1BA31815C28F0049B519 /* transferLogoSelected@2x.png in Resources */,
				22DD5E8F181EC96E004803D3 /* ViewControllerPerfil.xib in Resources */,
				22FBB0CC182F018C002DBC40 /* botonBlancoBg@2x.png in Resources */,
				220B1BA61816CE800049B519 /* gothicb.ttf in Resources */,
				220B1B911815BAED0049B519 /* transferLogoSelected.png in Resources */,
				220890DD182858BC00AE4889 /* ViewControllerTarjetaNueva.xib in Resources */,
				229150EC1809F8B200D0A715 /* comp2.png in Resources */,
			);
			runOnlyForDeploymentPostprocessing = 0;
		};
		2295FEE118077D9E002FF865 /* Resources */ = {
			isa = PBXResourcesBuildPhase;
			buildActionMask = 2147483647;
			files = (
				2295FEEF18077D9E002FF865 /* InfoPlist.strings in Resources */,
			);
			runOnlyForDeploymentPostprocessing = 0;
		};
/* End PBXResourcesBuildPhase section */

/* Begin PBXSourcesBuildPhase section */
		2295FEC418077D9D002FF865 /* Sources */ = {
			isa = PBXSourcesBuildPhase;
			buildActionMask = 2147483647;
			files = (
				22DD5E93181EC985004803D3 /* ViewControllerSoporte.m in Sources */,
				2233E1961830403F0046C751 /* ASIDataCompressor.m in Sources */,
				22FBB0BA182EE518002DBC40 /* KuBDD.m in Sources */,
				22DD5E8E181EC96E004803D3 /* ViewControllerPerfil.m in Sources */,
				882D1B0D192406E500D7CC76 /* iToast.m in Sources */,
				22FBB0B3182EE4D5002DBC40 /* FMDatabasePool.m in Sources */,
				22FBB0B1182EE4D5002DBC40 /* FMDatabase.m in Sources */,
				885C58A2192AF0F300BD26F6 /* ViewControllerEnlaze.m in Sources */,
				2233E1951830403F0046C751 /* ASIAuthenticationDialog.m in Sources */,
				221A36C218232265009C5AC0 /* ViewControllerCodigoOXXO.m in Sources */,
				2233E1A0183040460046C751 /* Reachability.m in Sources */,
				22DD5E79181EB480004803D3 /* RearViewController.m in Sources */,
				220B1BAC1816D4890049B519 /* TPKeyboardAvoidingScrollView.m in Sources */,
				22FBB0B2182EE4D5002DBC40 /* FMDatabaseAdditions.m in Sources */,
				220B1BAD1816D4890049B519 /* TPKeyboardAvoidingTableView.m in Sources */,
				22FBB0C5182EFAA2002DBC40 /* ViewControllerPregunta.m in Sources */,
				2233E1991830403F0046C751 /* ASIFormDataRequest.m in Sources */,
				22DD5E84181EC924004803D3 /* ViewControllerRetiro.m in Sources */,
				22DD5E98181EC9AD004803D3 /* ViewControllerDesenlaze.m in Sources */,
				22DD5E89181EC956004803D3 /* ViewControllerLLaveKu.m in Sources */,
				229150D01809F63300D0A715 /* ViewControllerConsultar.m in Sources */,
				2295FF0218077E41002FF865 /* ViewControllerEscanear.m in Sources */,
				2295FEDC18077D9E002FF865 /* AppDelegate.m in Sources */,
				2295FED818077D9E002FF865 /* main.m in Sources */,
				22FBB0B4182EE4D5002DBC40 /* FMDatabaseQueue.m in Sources */,
				221A36BD18231931009C5AC0 /* ViewControllerDeposito.m in Sources */,
				22FBB0B5182EE4D5002DBC40 /* FMResultSet.m in Sources */,
				22DD5E76181EB282004803D3 /* RevealController.m in Sources */,
				220890DC182858BC00AE4889 /* ViewControllerTarjetaNueva.m in Sources */,
				885F09781954EA670075A0C6 /* KUSoket.m in Sources */,
				2295FEFD18077E09002FF865 /* ViewControllerTransferir.m in Sources */,
				2233E19C1830403F0046C751 /* ASINetworkQueue.m in Sources */,
				22DD5E73181EB20A004803D3 /* ZUUIRevealController.m in Sources */,
				2233E1981830403F0046C751 /* ASIDownloadCache.m in Sources */,
				2233E1971830403F0046C751 /* ASIDataDecompressor.m in Sources */,
				2233E19B1830403F0046C751 /* ASIInputStream.m in Sources */,
				2233E19A1830403F0046C751 /* ASIHTTPRequest.m in Sources */,
				229150CB1809F2BE00D0A715 /* ViewControllerMain.m in Sources */,
				22F685F2182F15A800ABDE3D /* ViewControllerRegDatos.m in Sources */,
			);
			runOnlyForDeploymentPostprocessing = 0;
		};
		2295FEDF18077D9E002FF865 /* Sources */ = {
			isa = PBXSourcesBuildPhase;
			buildActionMask = 2147483647;
			files = (
				2295FEF118077D9E002FF865 /* kupayTests.m in Sources */,
			);
			runOnlyForDeploymentPostprocessing = 0;
		};
/* End PBXSourcesBuildPhase section */

/* Begin PBXTargetDependency section */
		2295FEE918077D9E002FF865 /* PBXTargetDependency */ = {
			isa = PBXTargetDependency;
			target = 2295FEC718077D9D002FF865 /* kupay */;
			targetProxy = 2295FEE818077D9E002FF865 /* PBXContainerItemProxy */;
		};
/* End PBXTargetDependency section */

/* Begin PBXVariantGroup section */
		2295FED418077D9E002FF865 /* InfoPlist.strings */ = {
			isa = PBXVariantGroup;
			children = (
				2295FED518077D9E002FF865 /* en */,
			);
			name = InfoPlist.strings;
			sourceTree = "<group>";
		};
		2295FEED18077D9E002FF865 /* InfoPlist.strings */ = {
			isa = PBXVariantGroup;
			children = (
				2295FEEE18077D9E002FF865 /* en */,
			);
			name = InfoPlist.strings;
			sourceTree = "<group>";
		};
/* End PBXVariantGroup section */

/* Begin XCBuildConfiguration section */
		2295FEF218077D9E002FF865 /* Debug */ = {
			isa = XCBuildConfiguration;
			buildSettings = {
				ALWAYS_SEARCH_USER_PATHS = NO;
				CLANG_CXX_LANGUAGE_STANDARD = "gnu++0x";
				CLANG_CXX_LIBRARY = "libc++";
				CLANG_ENABLE_MODULES = YES;
				CLANG_ENABLE_OBJC_ARC = YES;
				CLANG_WARN_BOOL_CONVERSION = YES;
				CLANG_WARN_CONSTANT_CONVERSION = YES;
				CLANG_WARN_DIRECT_OBJC_ISA_USAGE = YES_ERROR;
				CLANG_WARN_EMPTY_BODY = YES;
				CLANG_WARN_ENUM_CONVERSION = YES;
				CLANG_WARN_INT_CONVERSION = YES;
				CLANG_WARN_OBJC_ROOT_CLASS = YES_ERROR;
				CLANG_WARN__DUPLICATE_METHOD_MATCH = YES;
				"CODE_SIGN_IDENTITY[sdk=iphoneos*]" = "iPhone Developer";
				COPY_PHASE_STRIP = NO;
				GCC_C_LANGUAGE_STANDARD = gnu99;
				GCC_DYNAMIC_NO_PIC = NO;
				GCC_OPTIMIZATION_LEVEL = 0;
				GCC_PREPROCESSOR_DEFINITIONS = (
					"DEBUG=1",
					"$(inherited)",
				);
				GCC_SYMBOLS_PRIVATE_EXTERN = NO;
				GCC_WARN_64_TO_32_BIT_CONVERSION = YES;
				GCC_WARN_ABOUT_RETURN_TYPE = YES_ERROR;
				GCC_WARN_UNDECLARED_SELECTOR = YES;
				GCC_WARN_UNINITIALIZED_AUTOS = YES;
				GCC_WARN_UNUSED_FUNCTION = YES;
				GCC_WARN_UNUSED_VARIABLE = YES;
				IPHONEOS_DEPLOYMENT_TARGET = 7.0;
				ONLY_ACTIVE_ARCH = YES;
				SDKROOT = iphoneos;
			};
			name = Debug;
		};
		2295FEF318077D9E002FF865 /* Release */ = {
			isa = XCBuildConfiguration;
			buildSettings = {
				ALWAYS_SEARCH_USER_PATHS = NO;
				CLANG_CXX_LANGUAGE_STANDARD = "gnu++0x";
				CLANG_CXX_LIBRARY = "libc++";
				CLANG_ENABLE_MODULES = YES;
				CLANG_ENABLE_OBJC_ARC = YES;
				CLANG_WARN_BOOL_CONVERSION = YES;
				CLANG_WARN_CONSTANT_CONVERSION = YES;
				CLANG_WARN_DIRECT_OBJC_ISA_USAGE = YES_ERROR;
				CLANG_WARN_EMPTY_BODY = YES;
				CLANG_WARN_ENUM_CONVERSION = YES;
				CLANG_WARN_INT_CONVERSION = YES;
				CLANG_WARN_OBJC_ROOT_CLASS = YES_ERROR;
				CLANG_WARN__DUPLICATE_METHOD_MATCH = YES;
				"CODE_SIGN_IDENTITY[sdk=iphoneos*]" = "iPhone Developer";
				COPY_PHASE_STRIP = YES;
				ENABLE_NS_ASSERTIONS = NO;
				GCC_C_LANGUAGE_STANDARD = gnu99;
				GCC_WARN_64_TO_32_BIT_CONVERSION = YES;
				GCC_WARN_ABOUT_RETURN_TYPE = YES_ERROR;
				GCC_WARN_UNDECLARED_SELECTOR = YES;
				GCC_WARN_UNINITIALIZED_AUTOS = YES;
				GCC_WARN_UNUSED_FUNCTION = YES;
				GCC_WARN_UNUSED_VARIABLE = YES;
				IPHONEOS_DEPLOYMENT_TARGET = 7.0;
				SDKROOT = iphoneos;
				VALIDATE_PRODUCT = YES;
			};
			name = Release;
		};
		2295FEF518077D9E002FF865 /* Debug */ = {
			isa = XCBuildConfiguration;
			buildSettings = {
				ASSETCATALOG_COMPILER_APPICON_NAME = AppIcon;
				ASSETCATALOG_COMPILER_LAUNCHIMAGE_NAME = LaunchImage;
				CODE_SIGN_IDENTITY = "iPhone Developer: Victor Enriquez (XWU663976E)";
				"CODE_SIGN_IDENTITY[sdk=iphoneos*]" = "iPhone Developer: Victor Enriquez (XWU663976E)";
				GCC_PRECOMPILE_PREFIX_HEADER = YES;
				GCC_PREFIX_HEADER = "kupay/kupay-Prefix.pch";
				INFOPLIST_FILE = "kupay/kupay-Info.plist";
				IPHONEOS_DEPLOYMENT_TARGET = 6.1;
				LIBRARY_SEARCH_PATHS = (
					"$(inherited)",
					/Users/KU/Documents/kupay/ZBarSDK,
					"$(PROJECT_DIR)/ZBarSDK",
				);
				PRODUCT_NAME = "$(TARGET_NAME)";
				TARGETED_DEVICE_FAMILY = 1;
				WRAPPER_EXTENSION = app;
			};
			name = Debug;
		};
		2295FEF618077D9E002FF865 /* Release */ = {
			isa = XCBuildConfiguration;
			buildSettings = {
				ASSETCATALOG_COMPILER_APPICON_NAME = AppIcon;
				ASSETCATALOG_COMPILER_LAUNCHIMAGE_NAME = LaunchImage;
				CODE_SIGN_IDENTITY = "iPhone Developer: Victor Enriquez (XWU663976E)";
				"CODE_SIGN_IDENTITY[sdk=iphoneos*]" = "iPhone Developer: Victor Enriquez (XWU663976E)";
				GCC_PRECOMPILE_PREFIX_HEADER = YES;
				GCC_PREFIX_HEADER = "kupay/kupay-Prefix.pch";
				INFOPLIST_FILE = "kupay/kupay-Info.plist";
				IPHONEOS_DEPLOYMENT_TARGET = 6.1;
				LIBRARY_SEARCH_PATHS = (
					"$(inherited)",
					/Users/KU/Documents/kupay/ZBarSDK,
					"$(PROJECT_DIR)/ZBarSDK",
				);
				PRODUCT_NAME = "$(TARGET_NAME)";
				TARGETED_DEVICE_FAMILY = 1;
				WRAPPER_EXTENSION = app;
			};
			name = Release;
		};
		2295FEF818077D9E002FF865 /* Debug */ = {
			isa = XCBuildConfiguration;
			buildSettings = {
				BUNDLE_LOADER = "$(BUILT_PRODUCTS_DIR)/kupay.app/kupay";
				FRAMEWORK_SEARCH_PATHS = (
					"$(SDKROOT)/Developer/Library/Frameworks",
					"$(inherited)",
					"$(DEVELOPER_FRAMEWORKS_DIR)",
				);
				GCC_PRECOMPILE_PREFIX_HEADER = YES;
				GCC_PREFIX_HEADER = "kupay/kupay-Prefix.pch";
				GCC_PREPROCESSOR_DEFINITIONS = (
					"DEBUG=1",
					"$(inherited)",
				);
				INFOPLIST_FILE = "kupayTests/kupayTests-Info.plist";
				PRODUCT_NAME = "$(TARGET_NAME)";
				TEST_HOST = "$(BUNDLE_LOADER)";
				WRAPPER_EXTENSION = xctest;
			};
			name = Debug;
		};
		2295FEF918077D9E002FF865 /* Release */ = {
			isa = XCBuildConfiguration;
			buildSettings = {
				BUNDLE_LOADER = "$(BUILT_PRODUCTS_DIR)/kupay.app/kupay";
				FRAMEWORK_SEARCH_PATHS = (
					"$(SDKROOT)/Developer/Library/Frameworks",
					"$(inherited)",
					"$(DEVELOPER_FRAMEWORKS_DIR)",
				);
				GCC_PRECOMPILE_PREFIX_HEADER = YES;
				GCC_PREFIX_HEADER = "kupay/kupay-Prefix.pch";
				INFOPLIST_FILE = "kupayTests/kupayTests-Info.plist";
				PRODUCT_NAME = "$(TARGET_NAME)";
				TEST_HOST = "$(BUNDLE_LOADER)";
				WRAPPER_EXTENSION = xctest;
			};
			name = Release;
		};
/* End XCBuildConfiguration section */

/* Begin XCConfigurationList section */
		2295FEC318077D9D002FF865 /* Build configuration list for PBXProject "kupay" */ = {
			isa = XCConfigurationList;
			buildConfigurations = (
				2295FEF218077D9E002FF865 /* Debug */,
				2295FEF318077D9E002FF865 /* Release */,
			);
			defaultConfigurationIsVisible = 0;
			defaultConfigurationName = Release;
		};
		2295FEF418077D9E002FF865 /* Build configuration list for PBXNativeTarget "kupay" */ = {
			isa = XCConfigurationList;
			buildConfigurations = (
				2295FEF518077D9E002FF865 /* Debug */,
				2295FEF618077D9E002FF865 /* Release */,
			);
			defaultConfigurationIsVisible = 0;
			defaultConfigurationName = Release;
		};
		2295FEF718077D9E002FF865 /* Build configuration list for PBXNativeTarget "kupayTests" */ = {
			isa = XCConfigurationList;
			buildConfigurations = (
				2295FEF818077D9E002FF865 /* Debug */,
				2295FEF918077D9E002FF865 /* Release */,
			);
			defaultConfigurationIsVisible = 0;
			defaultConfigurationName = Release;
		};
/* End XCConfigurationList section */
	};
	rootObject = 2295FEC018077D9D002FF865 /* Project object */;
}
